// !$*UTF8*$!
{
	archiveVersion = 1;
	classes = {
	};
	objectVersion = 50;
	objects = {

/* Begin PBXBuildFile section */
		BC321F1024A9C7F700E3BFF6 /* Competitor.swift in Sources */ = {isa = PBXBuildFile; fileRef = BC321F0F24A9C7F700E3BFF6 /* Competitor.swift */; };
		BC321F1224A9C9FA00E3BFF6 /* Decorator.swift in Sources */ = {isa = PBXBuildFile; fileRef = BC321F1124A9C9FA00E3BFF6 /* Decorator.swift */; };
		BC53954424B0C7AA00F3AED9 /* Waiter.swift in Sources */ = {isa = PBXBuildFile; fileRef = BC53954324B0C7AA00F3AED9 /* Waiter.swift */; };
		BC53954624B0C7DE00F3AED9 /* Command.swift in Sources */ = {isa = PBXBuildFile; fileRef = BC53954524B0C7DE00F3AED9 /* Command.swift */; };
		BC53954824B0CD0200F3AED9 /* Shifu.swift in Sources */ = {isa = PBXBuildFile; fileRef = BC53954724B0CD0200F3AED9 /* Shifu.swift */; };
		BC53954E24B0D2F400F3AED9 /* WDBeverage.swift in Sources */ = {isa = PBXBuildFile; fileRef = BC53954C24B0D2F400F3AED9 /* WDBeverage.swift */; };
		BC53954F24B0D2F400F3AED9 /* WDDecorator.swift in Sources */ = {isa = PBXBuildFile; fileRef = BC53954D24B0D2F400F3AED9 /* WDDecorator.swift */; };
		BC53977524B58B1400F3AED9 /* AC.swift in Sources */ = {isa = PBXBuildFile; fileRef = BC53977424B58B1400F3AED9 /* AC.swift */; };
		BC53977724B58BC400F3AED9 /* Adapter.swift in Sources */ = {isa = PBXBuildFile; fileRef = BC53977624B58BC400F3AED9 /* Adapter.swift */; };
		BCA4F329248E3F4A0022EB5F /* main.swift in Sources */ = {isa = PBXBuildFile; fileRef = BCA4F328248E3F4A0022EB5F /* main.swift */; };
/* End PBXBuildFile section */

/* Begin PBXCopyFilesBuildPhase section */
		BCA4F323248E3F4A0022EB5F /* CopyFiles */ = {
			isa = PBXCopyFilesBuildPhase;
			buildActionMask = 2147483647;
			dstPath = /usr/share/man/man1/;
			dstSubfolderSpec = 0;
			files = (
			);
			runOnlyForDeploymentPostprocessing = 1;
		};
/* End PBXCopyFilesBuildPhase section */

/* Begin PBXFileReference section */
		BC321F0F24A9C7F700E3BFF6 /* Competitor.swift */ = {isa = PBXFileReference; lastKnownFileType = sourcecode.swift; path = Competitor.swift; sourceTree = "<group>"; };
		BC321F1124A9C9FA00E3BFF6 /* Decorator.swift */ = {isa = PBXFileReference; lastKnownFileType = sourcecode.swift; path = Decorator.swift; sourceTree = "<group>"; };
		BC53954324B0C7AA00F3AED9 /* Waiter.swift */ = {isa = PBXFileReference; lastKnownFileType = sourcecode.swift; path = Waiter.swift; sourceTree = "<group>"; };
		BC53954524B0C7DE00F3AED9 /* Command.swift */ = {isa = PBXFileReference; lastKnownFileType = sourcecode.swift; path = Command.swift; sourceTree = "<group>"; };
		BC53954724B0CD0200F3AED9 /* Shifu.swift */ = {isa = PBXFileReference; lastKnownFileType = sourcecode.swift; path = Shifu.swift; sourceTree = "<group>"; };
		BC53954C24B0D2F400F3AED9 /* WDBeverage.swift */ = {isa = PBXFileReference; fileEncoding = 4; lastKnownFileType = sourcecode.swift; path = WDBeverage.swift; sourceTree = "<group>"; };
		BC53954D24B0D2F400F3AED9 /* WDDecorator.swift */ = {isa = PBXFileReference; fileEncoding = 4; lastKnownFileType = sourcecode.swift; path = WDDecorator.swift; sourceTree = "<group>"; };
		BC53977424B58B1400F3AED9 /* AC.swift */ = {isa = PBXFileReference; lastKnownFileType = sourcecode.swift; path = AC.swift; sourceTree = "<group>"; };
		BC53977624B58BC400F3AED9 /* Adapter.swift */ = {isa = PBXFileReference; lastKnownFileType = sourcecode.swift; path = Adapter.swift; sourceTree = "<group>"; };
		BCA4F325248E3F4A0022EB5F /* Mac */ = {isa = PBXFileReference; explicitFileType = "compiled.mach-o.executable"; includeInIndex = 0; path = Mac; sourceTree = BUILT_PRODUCTS_DIR; };
		BCA4F328248E3F4A0022EB5F /* main.swift */ = {isa = PBXFileReference; lastKnownFileType = sourcecode.swift; path = main.swift; sourceTree = "<group>"; };
/* End PBXFileReference section */

/* Begin PBXFrameworksBuildPhase section */
		BCA4F322248E3F4A0022EB5F /* Frameworks */ = {
			isa = PBXFrameworksBuildPhase;
			buildActionMask = 2147483647;
			files = (
			);
			runOnlyForDeploymentPostprocessing = 0;
		};
/* End PBXFrameworksBuildPhase section */

/* Begin PBXGroup section */
		BC53954224B0C78B00F3AED9 /* 命令模式 */ = {
			isa = PBXGroup;
			children = (
				BC53954324B0C7AA00F3AED9 /* Waiter.swift */,
				BC53954524B0C7DE00F3AED9 /* Command.swift */,
				BC53954724B0CD0200F3AED9 /* Shifu.swift */,
			);
			path = "命令模式";
			sourceTree = "<group>";
		};
		BC53954924B0D24E00F3AED9 /* 装饰者模式 */ = {
			isa = PBXGroup;
			children = (
				BC53954B24B0D2E900F3AED9 /* 1 */,
				BC53954A24B0D2A100F3AED9 /* 2 */,
			);
			path = "装饰者模式";
			sourceTree = "<group>";
		};
		BC53954A24B0D2A100F3AED9 /* 2 */ = {
			isa = PBXGroup;
			children = (
				BC321F0F24A9C7F700E3BFF6 /* Competitor.swift */,
				BC321F1124A9C9FA00E3BFF6 /* Decorator.swift */,
			);
			path = 2;
			sourceTree = "<group>";
		};
		BC53954B24B0D2E900F3AED9 /* 1 */ = {
			isa = PBXGroup;
			children = (
				BC53954C24B0D2F400F3AED9 /* WDBeverage.swift */,
				BC53954D24B0D2F400F3AED9 /* WDDecorator.swift */,
			);
			path = 1;
			sourceTree = "<group>";
		};
		BC53977324B58AEF00F3AED9 /* 适配器模式 */ = {
			isa = PBXGroup;
			children = (
				BC53977424B58B1400F3AED9 /* AC.swift */,
				BC53977624B58BC400F3AED9 /* Adapter.swift */,
			);
			path = "适配器模式";
			sourceTree = "<group>";
		};
		BCA4F31C248E3F4A0022EB5F = {
			isa = PBXGroup;
			children = (
				BCA4F327248E3F4A0022EB5F /* Mac */,
				BCA4F326248E3F4A0022EB5F /* Products */,
			);
			sourceTree = "<group>";
		};
		BCA4F326248E3F4A0022EB5F /* Products */ = {
			isa = PBXGroup;
			children = (
				BCA4F325248E3F4A0022EB5F /* Mac */,
			);
			name = Products;
			sourceTree = "<group>";
		};
		BCA4F327248E3F4A0022EB5F /* Mac */ = {
			isa = PBXGroup;
			children = (
				BC53977324B58AEF00F3AED9 /* 适配器模式 */,
				BC53954924B0D24E00F3AED9 /* 装饰者模式 */,
				BC53954224B0C78B00F3AED9 /* 命令模式 */,
				BCA4F328248E3F4A0022EB5F /* main.swift */,
			);
			path = Mac;
			sourceTree = "<group>";
		};
/* End PBXGroup section */

/* Begin PBXNativeTarget section */
		BCA4F324248E3F4A0022EB5F /* Mac */ = {
			isa = PBXNativeTarget;
			buildConfigurationList = BCA4F32C248E3F4A0022EB5F /* Build configuration list for PBXNativeTarget "Mac" */;
			buildPhases = (
				BCA4F321248E3F4A0022EB5F /* Sources */,
				BCA4F322248E3F4A0022EB5F /* Frameworks */,
				BCA4F323248E3F4A0022EB5F /* CopyFiles */,
			);
			buildRules = (
			);
			dependencies = (
			);
			name = Mac;
			productName = Mac;
			productReference = BCA4F325248E3F4A0022EB5F /* Mac */;
			productType = "com.apple.product-type.tool";
		};
/* End PBXNativeTarget section */

/* Begin PBXProject section */
		BCA4F31D248E3F4A0022EB5F /* Project object */ = {
			isa = PBXProject;
			attributes = {
				DefaultBuildSystemTypeForWorkspace = Original;
				LastSwiftUpdateCheck = 1140;
				LastUpgradeCheck = 1140;
				ORGANIZATIONNAME = admin2;
				TargetAttributes = {
					BCA4F324248E3F4A0022EB5F = {
						CreatedOnToolsVersion = 11.4;
					};
				};
			};
			buildConfigurationList = BCA4F320248E3F4A0022EB5F /* Build configuration list for PBXProject "Mac" */;
			compatibilityVersion = "Xcode 9.3";
			developmentRegion = en;
			hasScannedForEncodings = 0;
			knownRegions = (
				en,
				Base,
			);
			mainGroup = BCA4F31C248E3F4A0022EB5F;
			productRefGroup = BCA4F326248E3F4A0022EB5F /* Products */;
			projectDirPath = "";
			projectRoot = "";
			targets = (
				BCA4F324248E3F4A0022EB5F /* Mac */,
			);
		};
/* End PBXProject section */

/* Begin PBXSourcesBuildPhase section */
		BCA4F321248E3F4A0022EB5F /* Sources */ = {
			isa = PBXSourcesBuildPhase;
			buildActionMask = 2147483647;
			files = (
				BC53954424B0C7AA00F3AED9 /* Waiter.swift in Sources */,
				BC53954E24B0D2F400F3AED9 /* WDBeverage.swift in Sources */,
				BC53977524B58B1400F3AED9 /* AC.swift in Sources */,
				BC53977724B58BC400F3AED9 /* Adapter.swift in Sources */,
				BC321F1224A9C9FA00E3BFF6 /* Decorator.swift in Sources */,
				BC53954624B0C7DE00F3AED9 /* Command.swift in Sources */,
				BC321F1024A9C7F700E3BFF6 /* Competitor.swift in Sources */,
				BC53954F24B0D2F400F3AED9 /* WDDecorator.swift in Sources */,
				BC53954824B0CD0200F3AED9 /* Shifu.swift in Sources */,
				BCA4F329248E3F4A0022EB5F /* main.swift in Sources */,
			);
			runOnlyForDeploymentPostprocessing = 0;
		};
/* End PBXSourcesBuildPhase section */

/* Begin XCBuildConfiguration section */
		BCA4F32A248E3F4A0022EB5F /* Debug */ = {
			isa = XCBuildConfiguration;
			buildSettings = {
				ALWAYS_SEARCH_USER_PATHS = NO;
				CLANG_ANALYZER_NONNULL = YES;
				CLANG_ANALYZER_NUMBER_OBJECT_CONVERSION = YES_AGGRESSIVE;
				CLANG_CXX_LANGUAGE_STANDARD = "gnu++14";
				CLANG_CXX_LIBRARY = "libc++";
				CLANG_ENABLE_MODULES = YES;
				CLANG_ENABLE_OBJC_ARC = YES;
				CLANG_ENABLE_OBJC_WEAK = YES;
				CLANG_WARN_BLOCK_CAPTURE_AUTORELEASING = YES;
				CLANG_WARN_BOOL_CONVERSION = YES;
				CLANG_WARN_COMMA = YES;
				CLANG_WARN_CONSTANT_CONVERSION = YES;
				CLANG_WARN_DEPRECATED_OBJC_IMPLEMENTATIONS = YES;
				CLANG_WARN_DIRECT_OBJC_ISA_USAGE = YES_ERROR;
				CLANG_WARN_DOCUMENTATION_COMMENTS = YES;
				CLANG_WARN_EMPTY_BODY = YES;
				CLANG_WARN_ENUM_CONVERSION = YES;
				CLANG_WARN_INFINITE_RECURSION = YES;
				CLANG_WARN_INT_CONVERSION = YES;
				CLANG_WARN_NON_LITERAL_NULL_CONVERSION = YES;
				CLANG_WARN_OBJC_IMPLICIT_RETAIN_SELF = YES;
				CLANG_WARN_OBJC_LITERAL_CONVERSION = YES;
				CLANG_WARN_OBJC_ROOT_CLASS = YES_ERROR;
				CLANG_WARN_RANGE_LOOP_ANALYSIS = YES;
				CLANG_WARN_STRICT_PROTOTYPES = YES;
				CLANG_WARN_SUSPICIOUS_MOVE = YES;
				CLANG_WARN_UNGUARDED_AVAILABILITY = YES_AGGRESSIVE;
				CLANG_WARN_UNREACHABLE_CODE = YES;
				CLANG_WARN__DUPLICATE_METHOD_MATCH = YES;
				COPY_PHASE_STRIP = NO;
				DEBUG_INFORMATION_FORMAT = dwarf;
				ENABLE_STRICT_OBJC_MSGSEND = YES;
				ENABLE_TESTABILITY = YES;
				GCC_C_LANGUAGE_STANDARD = gnu11;
				GCC_DYNAMIC_NO_PIC = NO;
				GCC_NO_COMMON_BLOCKS = YES;
				GCC_OPTIMIZATION_LEVEL = 0;
				GCC_PREPROCESSOR_DEFINITIONS = (
					"DEBUG=1",
					"$(inherited)",
				);
				GCC_WARN_64_TO_32_BIT_CONVERSION = YES;
				GCC_WARN_ABOUT_RETURN_TYPE = YES_ERROR;
				GCC_WARN_UNDECLARED_SELECTOR = YES;
				GCC_WARN_UNINITIALIZED_AUTOS = YES_AGGRESSIVE;
				GCC_WARN_UNUSED_FUNCTION = YES;
				GCC_WARN_UNUSED_VARIABLE = YES;
				MACOSX_DEPLOYMENT_TARGET = 10.15;
				MTL_ENABLE_DEBUG_INFO = INCLUDE_SOURCE;
				MTL_FAST_MATH = YES;
				ONLY_ACTIVE_ARCH = YES;
				SDKROOT = macosx;
				SWIFT_ACTIVE_COMPILATION_CONDITIONS = DEBUG;
				SWIFT_OPTIMIZATION_LEVEL = "-Onone";
			};
			name = Debug;
		};
		BCA4F32B248E3F4A0022EB5F /* Release */ = {
			isa = XCBuildConfiguration;
			buildSettings = {
				ALWAYS_SEARCH_USER_PATHS = NO;
				CLANG_ANALYZER_NONNULL = YES;
				CLANG_ANALYZER_NUMBER_OBJECT_CONVERSION = YES_AGGRESSIVE;
				CLANG_CXX_LANGUAGE_STANDARD = "gnu++14";
				CLANG_CXX_LIBRARY = "libc++";
				CLANG_ENABLE_MODULES = YES;
				CLANG_ENABLE_OBJC_ARC = YES;
				CLANG_ENABLE_OBJC_WEAK = YES;
				CLANG_WARN_BLOCK_CAPTURE_AUTORELEASING = YES;
				CLANG_WARN_BOOL_CONVERSION = YES;
				CLANG_WARN_COMMA = YES;
				CLANG_WARN_CONSTANT_CONVERSION = YES;
				CLANG_WARN_DEPRECATED_OBJC_IMPLEMENTATIONS = YES;
				CLANG_WARN_DIRECT_OBJC_ISA_USAGE = YES_ERROR;
				CLANG_WARN_DOCUMENTATION_COMMENTS = YES;
				CLANG_WARN_EMPTY_BODY = YES;
				CLANG_WARN_ENUM_CONVERSION = YES;
				CLANG_WARN_INFINITE_RECURSION = YES;
				CLANG_WARN_INT_CONVERSION = YES;
				CLANG_WARN_NON_LITERAL_NULL_CONVERSION = YES;
				CLANG_WARN_OBJC_IMPLICIT_RETAIN_SELF = YES;
				CLANG_WARN_OBJC_LITERAL_CONVERSION = YES;
				CLANG_WARN_OBJC_ROOT_CLASS = YES_ERROR;
				CLANG_WARN_RANGE_LOOP_ANALYSIS = YES;
				CLANG_WARN_STRICT_PROTOTYPES = YES;
				CLANG_WARN_SUSPICIOUS_MOVE = YES;
				CLANG_WARN_UNGUARDED_AVAILABILITY = YES_AGGRESSIVE;
				CLANG_WARN_UNREACHABLE_CODE = YES;
				CLANG_WARN__DUPLICATE_METHOD_MATCH = YES;
				COPY_PHASE_STRIP = NO;
				DEBUG_INFORMATION_FORMAT = "dwarf-with-dsym";
				ENABLE_NS_ASSERTIONS = NO;
				ENABLE_STRICT_OBJC_MSGSEND = YES;
				GCC_C_LANGUAGE_STANDARD = gnu11;
				GCC_NO_COMMON_BLOCKS = YES;
				GCC_WARN_64_TO_32_BIT_CONVERSION = YES;
				GCC_WARN_ABOUT_RETURN_TYPE = YES_ERROR;
				GCC_WARN_UNDECLARED_SELECTOR = YES;
				GCC_WARN_UNINITIALIZED_AUTOS = YES_AGGRESSIVE;
				GCC_WARN_UNUSED_FUNCTION = YES;
				GCC_WARN_UNUSED_VARIABLE = YES;
				MACOSX_DEPLOYMENT_TARGET = 10.15;
				MTL_ENABLE_DEBUG_INFO = NO;
				MTL_FAST_MATH = YES;
				SDKROOT = macosx;
				SWIFT_COMPILATION_MODE = wholemodule;
				SWIFT_OPTIMIZATION_LEVEL = "-O";
			};
			name = Release;
		};
		BCA4F32D248E3F4A0022EB5F /* Debug */ = {
			isa = XCBuildConfiguration;
			buildSettings = {
				CODE_SIGN_STYLE = Automatic;
				PRODUCT_NAME = "$(TARGET_NAME)";
				SWIFT_VERSION = 5.0;
			};
			name = Debug;
		};
		BCA4F32E248E3F4A0022EB5F /* Release */ = {
			isa = XCBuildConfiguration;
			buildSettings = {
				CODE_SIGN_STYLE = Automatic;
				PRODUCT_NAME = "$(TARGET_NAME)";
				SWIFT_VERSION = 5.0;
			};
			name = Release;
		};
/* End XCBuildConfiguration section */

/* Begin XCConfigurationList section */
		BCA4F320248E3F4A0022EB5F /* Build configuration list for PBXProject "Mac" */ = {
			isa = XCConfigurationList;
			buildConfigurations = (
				BCA4F32A248E3F4A0022EB5F /* Debug */,
				BCA4F32B248E3F4A0022EB5F /* Release */,
			);
			defaultConfigurationIsVisible = 0;
			defaultConfigurationName = Release;
		};
		BCA4F32C248E3F4A0022EB5F /* Build configuration list for PBXNativeTarget "Mac" */ = {
			isa = XCConfigurationList;
			buildConfigurations = (
				BCA4F32D248E3F4A0022EB5F /* Debug */,
				BCA4F32E248E3F4A0022EB5F /* Release */,
			);
			defaultConfigurationIsVisible = 0;
			defaultConfigurationName = Release;
		};
/* End XCConfigurationList section */
	};
	rootObject = BCA4F31D248E3F4A0022EB5F /* Project object */;
}
