PODS:
  - ActionSheetPicker-3.0 (2.4.2)
  - Alamofire (5.1.0)
  - FSCalendar (2.8.1)
  - IQKeyboardManager (6.5.5)
  - JXCategoryView (1.5.5)
  - Masonry (1.1.0)
  - MJRefresh (3.4.1)
  - SDWebImage (3.8.3):
    - SDWebImage/Core (= 3.8.3)
  - SDWebImage/Core (3.8.3)
  - SnapKit (5.0.1)
  - SwifterSwift (5.2.0):
    - SwifterSwift/AppKit (= 5.2.0)
    - SwifterSwift/CoreAnimation (= 5.2.0)
    - SwifterSwift/CoreGraphics (= 5.2.0)
    - SwifterSwift/CoreLocation (= 5.2.0)
    - SwifterSwift/Dispatch (= 5.2.0)
    - SwifterSwift/Foundation (= 5.2.0)
    - SwifterSwift/MapKit (= 5.2.0)
    - SwifterSwift/SceneKit (= 5.2.0)
    - SwifterSwift/SpriteKit (= 5.2.0)
    - SwifterSwift/StoreKit (= 5.2.0)
    - SwifterSwift/SwiftStdlib (= 5.2.0)
    - SwifterSwift/UIKit (= 5.2.0)
  - SwifterSwift/AppKit (5.2.0)
  - SwifterSwift/CoreAnimation (5.2.0)
  - SwifterSwift/CoreGraphics (5.2.0)
  - SwifterSwift/CoreLocation (5.2.0)
  - SwifterSwift/Dispatch (5.2.0)
  - SwifterSwift/Foundation (5.2.0)
  - SwifterSwift/MapKit (5.2.0)
  - SwifterSwift/SceneKit (5.2.0)
  - SwifterSwift/SpriteKit (5.2.0)
  - SwifterSwift/StoreKit (5.2.0)
  - SwifterSwift/SwiftStdlib (5.2.0)
  - SwifterSwift/UIKit (5.2.0)
  - UICountingLabel (1.4.1)

DEPENDENCIES:
  - ActionSheetPicker-3.0
  - Alamofire
  - FSCalendar
  - IQKeyboardManager
  - JXCategoryView
  - Masonry
  - MJRefresh
  - SDWebImage (~> 3.7)
  - SnapKit
  - SwifterSwift
  - UICountingLabel

SPEC REPOS:
  https://github.com/CocoaPods/Specs.git:
    - ActionSheetPicker-3.0
    - Alamofire
    - FSCalendar
    - IQKeyboardManager
    - JXCategoryView
    - Masonry
    - MJRefresh
    - SDWebImage
    - SnapKit
    - SwifterSwift
    - UICountingLabel

SPEC CHECKSUMS:
  ActionSheetPicker-3.0: 5b62e07b00bd970509cf5ece99cb7447eae5dd0d
  Alamofire: 9d5c5f602928e512395b30950c5984eca840093c
  FSCalendar: 5245140456fcbcac5824c203b98bd8068bdfee1a
  IQKeyboardManager: 3a8b9e603f8b0eeaf5f096a1f2b2cfcf121992ef
  JXCategoryView: 0293fcb356f10a5c2e679dac0a1a5f1899ee0c87
  Masonry: 678fab65091a9290e40e2832a55e7ab731aad201
  MJRefresh: 3153c59a363159092c08b2177ec3a7d09f90bfaf
  SDWebImage: a72e880a8fe0f7fc31efe15aaed443c074d2a80c
  SnapKit: 97b92857e3df3a0c71833cce143274bf6ef8e5eb
  SwifterSwift: 334181863c416882d97b7a60c05054d9e4d799e2
  UICountingLabel: faf890b505d96312e324a86718f031fafffb0ccb

PODFILE CHECKSUM: ebfce8fa55580614efec51d5cc46ec7a0f240ae0

COCOAPODS: 1.9.0
