PODS:
  - ActionSheetPicker-3.0 (2.4.1)
  - Alamofire (4.9.1)
  - IQKeyboardManager (6.5.4)
  - JXCategoryView (1.5.2)
  - Masonry (1.1.0)
  - MJRefresh (3.3.1)
  - SDWebImage (3.8.3):
    - SDWebImage/Core (= 3.8.3)
  - SDWebImage/Core (3.8.3)
  - SnapKit (5.0.1)
  - SwifterSwift (5.1.0):
    - SwifterSwift/AppKit (= 5.1.0)
    - SwifterSwift/CoreGraphics (= 5.1.0)
    - SwifterSwift/CoreLocation (= 5.1.0)
    - SwifterSwift/Dispatch (= 5.1.0)
    - SwifterSwift/Foundation (= 5.1.0)
    - SwifterSwift/MapKit (= 5.1.0)
    - SwifterSwift/SceneKit (= 5.1.0)
    - SwifterSwift/SpriteKit (= 5.1.0)
    - SwifterSwift/SwiftStdlib (= 5.1.0)
    - SwifterSwift/UIKit (= 5.1.0)
  - SwifterSwift/AppKit (5.1.0)
  - SwifterSwift/CoreGraphics (5.1.0)
  - SwifterSwift/CoreLocation (5.1.0)
  - SwifterSwift/Dispatch (5.1.0)
  - SwifterSwift/Foundation (5.1.0)
  - SwifterSwift/MapKit (5.1.0)
  - SwifterSwift/SceneKit (5.1.0)
  - SwifterSwift/SpriteKit (5.1.0)
  - SwifterSwift/SwiftStdlib (5.1.0)
  - SwifterSwift/UIKit (5.1.0)
  - SwiftyJSON (5.0.0)

DEPENDENCIES:
  - ActionSheetPicker-3.0
  - Alamofire
  - IQKeyboardManager
  - JXCategoryView
  - Masonry
  - MJRefresh
  - SDWebImage (~> 3.7)
  - SnapKit
  - SwifterSwift
  - SwiftyJSON

SPEC REPOS:
  https://github.com/CocoaPods/Specs.git:
    - Alamofire
    - IQKeyboardManager
    - JXCategoryView
    - MJRefresh
    - SnapKit
    - SwifterSwift
    - SwiftyJSON
  trunk:
    - ActionSheetPicker-3.0
    - Masonry
    - SDWebImage

SPEC CHECKSUMS:
  ActionSheetPicker-3.0: d236f0b663123e4b404a3bc04b338c1e805ac910
  Alamofire: 85e8a02c69d6020a0d734f6054870d7ecb75cf18
  IQKeyboardManager: 72b359cd7e777e3a984cedbe05f8da45320cbb63
  JXCategoryView: b284d35a7a8772eada05dd78642233e1eb763ea8
  Masonry: 678fab65091a9290e40e2832a55e7ab731aad201
  MJRefresh: eeda70fbf0ad277f3178cef1cd0c3532591d6237
  SDWebImage: a72e880a8fe0f7fc31efe15aaed443c074d2a80c
  SnapKit: 97b92857e3df3a0c71833cce143274bf6ef8e5eb
  SwifterSwift: a9e8e144832638c2850b43da5feaf9598c6ad65b
  SwiftyJSON: 36413e04c44ee145039d332b4f4e2d3e8d6c4db7

PODFILE CHECKSUM: 116bc73309b1aca6bfa744f4050a24ff6e861cf0

COCOAPODS: 1.9.0
