// !$*UTF8*$!
{
	archiveVersion = 1;
	classes = {
	};
	objectVersion = 50;
	objects = {

/* Begin PBXBuildFile section */
		BC31DA59249519B8008109C9 /* AppDelegate.swift in Sources */ = {isa = PBXBuildFile; fileRef = BC31DA58249519B8008109C9 /* AppDelegate.swift */; };
		BC31DA5B249519B8008109C9 /* SceneDelegate.swift in Sources */ = {isa = PBXBuildFile; fileRef = BC31DA5A249519B8008109C9 /* SceneDelegate.swift */; };
		BC31DA5D249519B8008109C9 /* ViewController.swift in Sources */ = {isa = PBXBuildFile; fileRef = BC31DA5C249519B8008109C9 /* ViewController.swift */; };
		BC31DA60249519B8008109C9 /* Main.storyboard in Resources */ = {isa = PBXBuildFile; fileRef = BC31DA5E249519B8008109C9 /* Main.storyboard */; };
		BC31DA62249519BB008109C9 /* Assets.xcassets in Resources */ = {isa = PBXBuildFile; fileRef = BC31DA61249519BB008109C9 /* Assets.xcassets */; };
		BC31DA65249519BB008109C9 /* LaunchScreen.storyboard in Resources */ = {isa = PBXBuildFile; fileRef = BC31DA63249519BB008109C9 /* LaunchScreen.storyboard */; };
		BC31DA7324951A4A008109C9 /* Stac.swift in Sources */ = {isa = PBXBuildFile; fileRef = BC31DA7224951A4A008109C9 /* Stac.swift */; };
/* End PBXBuildFile section */

/* Begin PBXCopyFilesBuildPhase section */
		BC31DA6E24951A4A008109C9 /* CopyFiles */ = {
			isa = PBXCopyFilesBuildPhase;
			buildActionMask = 2147483647;
			dstPath = "include/$(PRODUCT_NAME)";
			dstSubfolderSpec = 16;
			files = (
			);
			runOnlyForDeploymentPostprocessing = 0;
		};
/* End PBXCopyFilesBuildPhase section */

/* Begin PBXFileReference section */
		BC31DA55249519B8008109C9 /* AAA.app */ = {isa = PBXFileReference; explicitFileType = wrapper.application; includeInIndex = 0; path = AAA.app; sourceTree = BUILT_PRODUCTS_DIR; };
		BC31DA58249519B8008109C9 /* AppDelegate.swift */ = {isa = PBXFileReference; lastKnownFileType = sourcecode.swift; path = AppDelegate.swift; sourceTree = "<group>"; };
		BC31DA5A249519B8008109C9 /* SceneDelegate.swift */ = {isa = PBXFileReference; lastKnownFileType = sourcecode.swift; path = SceneDelegate.swift; sourceTree = "<group>"; };
		BC31DA5C249519B8008109C9 /* ViewController.swift */ = {isa = PBXFileReference; lastKnownFileType = sourcecode.swift; path = ViewController.swift; sourceTree = "<group>"; };
		BC31DA5F249519B8008109C9 /* Base */ = {isa = PBXFileReference; lastKnownFileType = file.storyboard; name = Base; path = Base.lproj/Main.storyboard; sourceTree = "<group>"; };
		BC31DA61249519BB008109C9 /* Assets.xcassets */ = {isa = PBXFileReference; lastKnownFileType = folder.assetcatalog; path = Assets.xcassets; sourceTree = "<group>"; };
		BC31DA64249519BB008109C9 /* Base */ = {isa = PBXFileReference; lastKnownFileType = file.storyboard; name = Base; path = Base.lproj/LaunchScreen.storyboard; sourceTree = "<group>"; };
		BC31DA66249519BB008109C9 /* Info.plist */ = {isa = PBXFileReference; lastKnownFileType = text.plist.xml; path = Info.plist; sourceTree = "<group>"; };
		BC31DA7024951A4A008109C9 /* libStac.a */ = {isa = PBXFileReference; explicitFileType = archive.ar; includeInIndex = 0; path = libStac.a; sourceTree = BUILT_PRODUCTS_DIR; };
		BC31DA7224951A4A008109C9 /* Stac.swift */ = {isa = PBXFileReference; lastKnownFileType = sourcecode.swift; path = Stac.swift; sourceTree = "<group>"; };
/* End PBXFileReference section */

/* Begin PBXFrameworksBuildPhase section */
		BC31DA52249519B8008109C9 /* Frameworks */ = {
			isa = PBXFrameworksBuildPhase;
			buildActionMask = 2147483647;
			files = (
			);
			runOnlyForDeploymentPostprocessing = 0;
		};
		BC31DA6D24951A4A008109C9 /* Frameworks */ = {
			isa = PBXFrameworksBuildPhase;
			buildActionMask = 2147483647;
			files = (
			);
			runOnlyForDeploymentPostprocessing = 0;
		};
/* End PBXFrameworksBuildPhase section */

/* Begin PBXGroup section */
		BC31DA4C249519B8008109C9 = {
			isa = PBXGroup;
			children = (
				BC31DA57249519B8008109C9 /* AAA */,
				BC31DA7124951A4A008109C9 /* Stac */,
				BC31DA56249519B8008109C9 /* Products */,
			);
			sourceTree = "<group>";
		};
		BC31DA56249519B8008109C9 /* Products */ = {
			isa = PBXGroup;
			children = (
				BC31DA55249519B8008109C9 /* AAA.app */,
				BC31DA7024951A4A008109C9 /* libStac.a */,
			);
			name = Products;
			sourceTree = "<group>";
		};
		BC31DA57249519B8008109C9 /* AAA */ = {
			isa = PBXGroup;
			children = (
				BC31DA58249519B8008109C9 /* AppDelegate.swift */,
				BC31DA5A249519B8008109C9 /* SceneDelegate.swift */,
				BC31DA5C249519B8008109C9 /* ViewController.swift */,
				BC31DA5E249519B8008109C9 /* Main.storyboard */,
				BC31DA61249519BB008109C9 /* Assets.xcassets */,
				BC31DA63249519BB008109C9 /* LaunchScreen.storyboard */,
				BC31DA66249519BB008109C9 /* Info.plist */,
			);
			path = AAA;
			sourceTree = "<group>";
		};
		BC31DA7124951A4A008109C9 /* Stac */ = {
			isa = PBXGroup;
			children = (
				BC31DA7224951A4A008109C9 /* Stac.swift */,
			);
			path = Stac;
			sourceTree = "<group>";
		};
/* End PBXGroup section */

/* Begin PBXNativeTarget section */
		BC31DA54249519B8008109C9 /* AAA */ = {
			isa = PBXNativeTarget;
			buildConfigurationList = BC31DA69249519BB008109C9 /* Build configuration list for PBXNativeTarget "AAA" */;
			buildPhases = (
				BC31DA51249519B8008109C9 /* Sources */,
				BC31DA52249519B8008109C9 /* Frameworks */,
				BC31DA53249519B8008109C9 /* Resources */,
			);
			buildRules = (
			);
			dependencies = (
			);
			name = AAA;
			productName = AAA;
			productReference = BC31DA55249519B8008109C9 /* AAA.app */;
			productType = "com.apple.product-type.application";
		};
		BC31DA6F24951A4A008109C9 /* Stac */ = {
			isa = PBXNativeTarget;
			buildConfigurationList = BC31DA7424951A4A008109C9 /* Build configuration list for PBXNativeTarget "Stac" */;
			buildPhases = (
				BC31DA6C24951A4A008109C9 /* Sources */,
				BC31DA6D24951A4A008109C9 /* Frameworks */,
				BC31DA6E24951A4A008109C9 /* CopyFiles */,
			);
			buildRules = (
			);
			dependencies = (
			);
			name = Stac;
			productName = Stac;
			productReference = BC31DA7024951A4A008109C9 /* libStac.a */;
			productType = "com.apple.product-type.library.static";
		};
/* End PBXNativeTarget section */

/* Begin PBXProject section */
		BC31DA4D249519B8008109C9 /* Project object */ = {
			isa = PBXProject;
			attributes = {
				DefaultBuildSystemTypeForWorkspace = Original;
				LastSwiftUpdateCheck = 1150;
				LastUpgradeCheck = 1150;
				ORGANIZATIONNAME = admin2;
				TargetAttributes = {
					BC31DA54249519B8008109C9 = {
						CreatedOnToolsVersion = 11.5;
					};
					BC31DA6F24951A4A008109C9 = {
						CreatedOnToolsVersion = 11.5;
					};
				};
			};
			buildConfigurationList = BC31DA50249519B8008109C9 /* Build configuration list for PBXProject "AAA" */;
			compatibilityVersion = "Xcode 9.3";
			developmentRegion = en;
			hasScannedForEncodings = 0;
			knownRegions = (
				en,
				Base,
			);
			mainGroup = BC31DA4C249519B8008109C9;
			productRefGroup = BC31DA56249519B8008109C9 /* Products */;
			projectDirPath = "";
			projectRoot = "";
			targets = (
				BC31DA54249519B8008109C9 /* AAA */,
				BC31DA6F24951A4A008109C9 /* Stac */,
			);
		};
/* End PBXProject section */

/* Begin PBXResourcesBuildPhase section */
		BC31DA53249519B8008109C9 /* Resources */ = {
			isa = PBXResourcesBuildPhase;
			buildActionMask = 2147483647;
			files = (
				BC31DA65249519BB008109C9 /* LaunchScreen.storyboard in Resources */,
				BC31DA62249519BB008109C9 /* Assets.xcassets in Resources */,
				BC31DA60249519B8008109C9 /* Main.storyboard in Resources */,
			);
			runOnlyForDeploymentPostprocessing = 0;
		};
/* End PBXResourcesBuildPhase section */

/* Begin PBXSourcesBuildPhase section */
		BC31DA51249519B8008109C9 /* Sources */ = {
			isa = PBXSourcesBuildPhase;
			buildActionMask = 2147483647;
			files = (
				BC31DA5D249519B8008109C9 /* ViewController.swift in Sources */,
				BC31DA59249519B8008109C9 /* AppDelegate.swift in Sources */,
				BC31DA5B249519B8008109C9 /* SceneDelegate.swift in Sources */,
			);
			runOnlyForDeploymentPostprocessing = 0;
		};
		BC31DA6C24951A4A008109C9 /* Sources */ = {
			isa = PBXSourcesBuildPhase;
			buildActionMask = 2147483647;
			files = (
				BC31DA7324951A4A008109C9 /* Stac.swift in Sources */,
			);
			runOnlyForDeploymentPostprocessing = 0;
		};
/* End PBXSourcesBuildPhase section */

/* Begin PBXVariantGroup section */
		BC31DA5E249519B8008109C9 /* Main.storyboard */ = {
			isa = PBXVariantGroup;
			children = (
				BC31DA5F249519B8008109C9 /* Base */,
			);
			name = Main.storyboard;
			sourceTree = "<group>";
		};
		BC31DA63249519BB008109C9 /* LaunchScreen.storyboard */ = {
			isa = PBXVariantGroup;
			children = (
				BC31DA64249519BB008109C9 /* Base */,
			);
			name = LaunchScreen.storyboard;
			sourceTree = "<group>";
		};
/* End PBXVariantGroup section */

/* Begin XCBuildConfiguration section */
		BC31DA67249519BB008109C9 /* Debug */ = {
			isa = XCBuildConfiguration;
			buildSettings = {
				ALWAYS_SEARCH_USER_PATHS = NO;
				CLANG_ANALYZER_NONNULL = YES;
				CLANG_ANALYZER_NUMBER_OBJECT_CONVERSION = YES_AGGRESSIVE;
				CLANG_CXX_LANGUAGE_STANDARD = "gnu++14";
				CLANG_CXX_LIBRARY = "libc++";
				CLANG_ENABLE_MODULES = YES;
				CLANG_ENABLE_OBJC_ARC = YES;
				CLANG_ENABLE_OBJC_WEAK = YES;
				CLANG_WARN_BLOCK_CAPTURE_AUTORELEASING = YES;
				CLANG_WARN_BOOL_CONVERSION = YES;
				CLANG_WARN_COMMA = YES;
				CLANG_WARN_CONSTANT_CONVERSION = YES;
				CLANG_WARN_DEPRECATED_OBJC_IMPLEMENTATIONS = YES;
				CLANG_WARN_DIRECT_OBJC_ISA_USAGE = YES_ERROR;
				CLANG_WARN_DOCUMENTATION_COMMENTS = YES;
				CLANG_WARN_EMPTY_BODY = YES;
				CLANG_WARN_ENUM_CONVERSION = YES;
				CLANG_WARN_INFINITE_RECURSION = YES;
				CLANG_WARN_INT_CONVERSION = YES;
				CLANG_WARN_NON_LITERAL_NULL_CONVERSION = YES;
				CLANG_WARN_OBJC_IMPLICIT_RETAIN_SELF = YES;
				CLANG_WARN_OBJC_LITERAL_CONVERSION = YES;
				CLANG_WARN_OBJC_ROOT_CLASS = YES_ERROR;
				CLANG_WARN_RANGE_LOOP_ANALYSIS = YES;
				CLANG_WARN_STRICT_PROTOTYPES = YES;
				CLANG_WARN_SUSPICIOUS_MOVE = YES;
				CLANG_WARN_UNGUARDED_AVAILABILITY = YES_AGGRESSIVE;
				CLANG_WARN_UNREACHABLE_CODE = YES;
				CLANG_WARN__DUPLICATE_METHOD_MATCH = YES;
				COPY_PHASE_STRIP = NO;
				DEBUG_INFORMATION_FORMAT = dwarf;
				ENABLE_STRICT_OBJC_MSGSEND = YES;
				ENABLE_TESTABILITY = YES;
				GCC_C_LANGUAGE_STANDARD = gnu11;
				GCC_DYNAMIC_NO_PIC = NO;
				GCC_NO_COMMON_BLOCKS = YES;
				GCC_OPTIMIZATION_LEVEL = 0;
				GCC_PREPROCESSOR_DEFINITIONS = (
					"DEBUG=1",
					"$(inherited)",
				);
				GCC_WARN_64_TO_32_BIT_CONVERSION = YES;
				GCC_WARN_ABOUT_RETURN_TYPE = YES_ERROR;
				GCC_WARN_UNDECLARED_SELECTOR = YES;
				GCC_WARN_UNINITIALIZED_AUTOS = YES_AGGRESSIVE;
				GCC_WARN_UNUSED_FUNCTION = YES;
				GCC_WARN_UNUSED_VARIABLE = YES;
				IPHONEOS_DEPLOYMENT_TARGET = 13.5;
				MTL_ENABLE_DEBUG_INFO = INCLUDE_SOURCE;
				MTL_FAST_MATH = YES;
				ONLY_ACTIVE_ARCH = YES;
				SDKROOT = iphoneos;
				SWIFT_ACTIVE_COMPILATION_CONDITIONS = DEBUG;
				SWIFT_OPTIMIZATION_LEVEL = "-Onone";
			};
			name = Debug;
		};
		BC31DA68249519BB008109C9 /* Release */ = {
			isa = XCBuildConfiguration;
			buildSettings = {
				ALWAYS_SEARCH_USER_PATHS = NO;
				CLANG_ANALYZER_NONNULL = YES;
				CLANG_ANALYZER_NUMBER_OBJECT_CONVERSION = YES_AGGRESSIVE;
				CLANG_CXX_LANGUAGE_STANDARD = "gnu++14";
				CLANG_CXX_LIBRARY = "libc++";
				CLANG_ENABLE_MODULES = YES;
				CLANG_ENABLE_OBJC_ARC = YES;
				CLANG_ENABLE_OBJC_WEAK = YES;
				CLANG_WARN_BLOCK_CAPTURE_AUTORELEASING = YES;
				CLANG_WARN_BOOL_CONVERSION = YES;
				CLANG_WARN_COMMA = YES;
				CLANG_WARN_CONSTANT_CONVERSION = YES;
				CLANG_WARN_DEPRECATED_OBJC_IMPLEMENTATIONS = YES;
				CLANG_WARN_DIRECT_OBJC_ISA_USAGE = YES_ERROR;
				CLANG_WARN_DOCUMENTATION_COMMENTS = YES;
				CLANG_WARN_EMPTY_BODY = YES;
				CLANG_WARN_ENUM_CONVERSION = YES;
				CLANG_WARN_INFINITE_RECURSION = YES;
				CLANG_WARN_INT_CONVERSION = YES;
				CLANG_WARN_NON_LITERAL_NULL_CONVERSION = YES;
				CLANG_WARN_OBJC_IMPLICIT_RETAIN_SELF = YES;
				CLANG_WARN_OBJC_LITERAL_CONVERSION = YES;
				CLANG_WARN_OBJC_ROOT_CLASS = YES_ERROR;
				CLANG_WARN_RANGE_LOOP_ANALYSIS = YES;
				CLANG_WARN_STRICT_PROTOTYPES = YES;
				CLANG_WARN_SUSPICIOUS_MOVE = YES;
				CLANG_WARN_UNGUARDED_AVAILABILITY = YES_AGGRESSIVE;
				CLANG_WARN_UNREACHABLE_CODE = YES;
				CLANG_WARN__DUPLICATE_METHOD_MATCH = YES;
				COPY_PHASE_STRIP = NO;
				DEBUG_INFORMATION_FORMAT = "dwarf-with-dsym";
				ENABLE_NS_ASSERTIONS = NO;
				ENABLE_STRICT_OBJC_MSGSEND = YES;
				GCC_C_LANGUAGE_STANDARD = gnu11;
				GCC_NO_COMMON_BLOCKS = YES;
				GCC_WARN_64_TO_32_BIT_CONVERSION = YES;
				GCC_WARN_ABOUT_RETURN_TYPE = YES_ERROR;
				GCC_WARN_UNDECLARED_SELECTOR = YES;
				GCC_WARN_UNINITIALIZED_AUTOS = YES_AGGRESSIVE;
				GCC_WARN_UNUSED_FUNCTION = YES;
				GCC_WARN_UNUSED_VARIABLE = YES;
				IPHONEOS_DEPLOYMENT_TARGET = 13.5;
				MTL_ENABLE_DEBUG_INFO = NO;
				MTL_FAST_MATH = YES;
				SDKROOT = iphoneos;
				SWIFT_COMPILATION_MODE = wholemodule;
				SWIFT_OPTIMIZATION_LEVEL = "-O";
				VALIDATE_PRODUCT = YES;
			};
			name = Release;
		};
		BC31DA6A249519BB008109C9 /* Debug */ = {
			isa = XCBuildConfiguration;
			buildSettings = {
				ASSETCATALOG_COMPILER_APPICON_NAME = AppIcon;
				CODE_SIGN_STYLE = Automatic;
				INFOPLIST_FILE = AAA/Info.plist;
				LD_RUNPATH_SEARCH_PATHS = (
					"$(inherited)",
					"@executable_path/Frameworks",
				);
				MACH_O_TYPE = mh_execute;
				PRODUCT_BUNDLE_IDENTIFIER = wondersgroup.AAA;
				PRODUCT_NAME = "$(TARGET_NAME)";
				SWIFT_VERSION = 5.0;
				TARGETED_DEVICE_FAMILY = "1,2";
			};
			name = Debug;
		};
		BC31DA6B249519BB008109C9 /* Release */ = {
			isa = XCBuildConfiguration;
			buildSettings = {
				ASSETCATALOG_COMPILER_APPICON_NAME = AppIcon;
				CODE_SIGN_STYLE = Automatic;
				INFOPLIST_FILE = AAA/Info.plist;
				LD_RUNPATH_SEARCH_PATHS = (
					"$(inherited)",
					"@executable_path/Frameworks",
				);
				MACH_O_TYPE = mh_execute;
				PRODUCT_BUNDLE_IDENTIFIER = wondersgroup.AAA;
				PRODUCT_NAME = "$(TARGET_NAME)";
				SWIFT_VERSION = 5.0;
				TARGETED_DEVICE_FAMILY = "1,2";
			};
			name = Release;
		};
		BC31DA7524951A4A008109C9 /* Debug */ = {
			isa = XCBuildConfiguration;
			buildSettings = {
				CODE_SIGN_STYLE = Automatic;
				OTHER_LDFLAGS = "-ObjC";
				PRODUCT_NAME = "$(TARGET_NAME)";
				SKIP_INSTALL = YES;
				SWIFT_VERSION = 5.0;
				TARGETED_DEVICE_FAMILY = "1,2";
			};
			name = Debug;
		};
		BC31DA7624951A4A008109C9 /* Release */ = {
			isa = XCBuildConfiguration;
			buildSettings = {
				CODE_SIGN_STYLE = Automatic;
				OTHER_LDFLAGS = "-ObjC";
				PRODUCT_NAME = "$(TARGET_NAME)";
				SKIP_INSTALL = YES;
				SWIFT_VERSION = 5.0;
				TARGETED_DEVICE_FAMILY = "1,2";
			};
			name = Release;
		};
/* End XCBuildConfiguration section */

/* Begin XCConfigurationList section */
		BC31DA50249519B8008109C9 /* Build configuration list for PBXProject "AAA" */ = {
			isa = XCConfigurationList;
			buildConfigurations = (
				BC31DA67249519BB008109C9 /* Debug */,
				BC31DA68249519BB008109C9 /* Release */,
			);
			defaultConfigurationIsVisible = 0;
			defaultConfigurationName = Release;
		};
		BC31DA69249519BB008109C9 /* Build configuration list for PBXNativeTarget "AAA" */ = {
			isa = XCConfigurationList;
			buildConfigurations = (
				BC31DA6A249519BB008109C9 /* Debug */,
				BC31DA6B249519BB008109C9 /* Release */,
			);
			defaultConfigurationIsVisible = 0;
			defaultConfigurationName = Release;
		};
		BC31DA7424951A4A008109C9 /* Build configuration list for PBXNativeTarget "Stac" */ = {
			isa = XCConfigurationList;
			buildConfigurations = (
				BC31DA7524951A4A008109C9 /* Debug */,
				BC31DA7624951A4A008109C9 /* Release */,
			);
			defaultConfigurationIsVisible = 0;
			defaultConfigurationName = Release;
		};
/* End XCConfigurationList section */
	};
	rootObject = BC31DA4D249519B8008109C9 /* Project object */;
}
