// !$*UTF8*$!
{
	archiveVersion = 1;
	classes = {
	};
	objectVersion = 51;
	objects = {

/* Begin PBXBuildFile section */
		BC8FF86323FD303D00F003DC /* MyVC.swift in Sources */ = {isa = PBXBuildFile; fileRef = BC8FF86223FD303D00F003DC /* MyVC.swift */; };
		BC9E19CC23D5963300169DB3 /* RootTabBarVC.swift in Sources */ = {isa = PBXBuildFile; fileRef = BC9E19CB23D5963300169DB3 /* RootTabBarVC.swift */; };
		BC9E1AB423D5A3F100169DB3 /* DMHomeVC.swift in Sources */ = {isa = PBXBuildFile; fileRef = BC9E1AB323D5A3F100169DB3 /* DMHomeVC.swift */; };
		BC9E1AB923D5A53C00169DB3 /* RJProjectResorce.swift in Sources */ = {isa = PBXBuildFile; fileRef = BC9E1AB823D5A53C00169DB3 /* RJProjectResorce.swift */; };
		BC9E1ABC23D5A7DE00169DB3 /* DMRes.m in Sources */ = {isa = PBXBuildFile; fileRef = BC9E1ABB23D5A7DE00169DB3 /* DMRes.m */; };
		BC9E1ABF23D6BC3800169DB3 /* DMOCVC.m in Sources */ = {isa = PBXBuildFile; fileRef = BC9E1ABE23D6BC3800169DB3 /* DMOCVC.m */; };
		BC9E1BA823D6C5CF00169DB3 /* NSObject+WDYHFCategory.m in Sources */ = {isa = PBXBuildFile; fileRef = BC9E1B0F23D6C5CE00169DB3 /* NSObject+WDYHFCategory.m */; };
		BC9E1BA923D6C5CF00169DB3 /* UIView+CKJDesingable.m in Sources */ = {isa = PBXBuildFile; fileRef = BC9E1B1223D6C5CE00169DB3 /* UIView+CKJDesingable.m */; };
		BC9E1BAA23D6C5CF00169DB3 /* FileManagerTool.m in Sources */ = {isa = PBXBuildFile; fileRef = BC9E1B1423D6C5CE00169DB3 /* FileManagerTool.m */; };
		BC9E1BAB23D6C5CF00169DB3 /* CKJBaseViewController.m in Sources */ = {isa = PBXBuildFile; fileRef = BC9E1B1623D6C5CE00169DB3 /* CKJBaseViewController.m */; };
		BC9E1BAC23D6C5CF00169DB3 /* KJCommonManager.m in Sources */ = {isa = PBXBuildFile; fileRef = BC9E1B1723D6C5CE00169DB3 /* KJCommonManager.m */; };
		BC9E1BAD23D6C5CF00169DB3 /* CKJRSA.m in Sources */ = {isa = PBXBuildFile; fileRef = BC9E1B1923D6C5CE00169DB3 /* CKJRSA.m */; };
		BC9E1BAE23D6C5CF00169DB3 /* CKJGlobalHeader.m in Sources */ = {isa = PBXBuildFile; fileRef = BC9E1B1B23D6C5CF00169DB3 /* CKJGlobalHeader.m */; };
		BC9E1BAF23D6C5CF00169DB3 /* LightStorageManager.m in Sources */ = {isa = PBXBuildFile; fileRef = BC9E1B1F23D6C5CF00169DB3 /* LightStorageManager.m */; };
		BC9E1BB023D6C5CF00169DB3 /* CKJBaseModel.m in Sources */ = {isa = PBXBuildFile; fileRef = BC9E1B2123D6C5CF00169DB3 /* CKJBaseModel.m */; };
		BC9E1BB123D6C5CF00169DB3 /* CKJProjectConfig.m in Sources */ = {isa = PBXBuildFile; fileRef = BC9E1B2323D6C5CF00169DB3 /* CKJProjectConfig.m */; };
		BC9E1BB223D6C5CF00169DB3 /* CKJPickerView.m in Sources */ = {isa = PBXBuildFile; fileRef = BC9E1B2823D6C5CF00169DB3 /* CKJPickerView.m */; };
		BC9E1BB323D6C5CF00169DB3 /* CKJToolPickerView.m in Sources */ = {isa = PBXBuildFile; fileRef = BC9E1B2923D6C5CF00169DB3 /* CKJToolPickerView.m */; };
		BC9E1BB423D6C5CF00169DB3 /* CKJDatePickerView.m in Sources */ = {isa = PBXBuildFile; fileRef = BC9E1B2A23D6C5CF00169DB3 /* CKJDatePickerView.m */; };
		BC9E1BB523D6C5CF00169DB3 /* CKJToolView.m in Sources */ = {isa = PBXBuildFile; fileRef = BC9E1B2B23D6C5CF00169DB3 /* CKJToolView.m */; };
		BC9E1BB623D6C5CF00169DB3 /* CKJXBtnsView.m in Sources */ = {isa = PBXBuildFile; fileRef = BC9E1B2F23D6C5CF00169DB3 /* CKJXBtnsView.m */; };
		BC9E1BB723D6C5CF00169DB3 /* CKJFiveLabelView.m in Sources */ = {isa = PBXBuildFile; fileRef = BC9E1B3123D6C5CF00169DB3 /* CKJFiveLabelView.m */; };
		BC9E1BB823D6C5CF00169DB3 /* CKJToolbar.m in Sources */ = {isa = PBXBuildFile; fileRef = BC9E1B3223D6C5CF00169DB3 /* CKJToolbar.m */; };
		BC9E1BB923D6C5CF00169DB3 /* CKJPayBottomView.m in Sources */ = {isa = PBXBuildFile; fileRef = BC9E1B3323D6C5CF00169DB3 /* CKJPayBottomView.m */; };
		BC9E1BBA23D6C5CF00169DB3 /* CKJTableEmptyView.m in Sources */ = {isa = PBXBuildFile; fileRef = BC9E1B3523D6C5CF00169DB3 /* CKJTableEmptyView.m */; };
		BC9E1BBB23D6C5CF00169DB3 /* CKJSimpleTableView.m in Sources */ = {isa = PBXBuildFile; fileRef = BC9E1B3A23D6C5CF00169DB3 /* CKJSimpleTableView.m */; };
		BC9E1BBC23D6C5CF00169DB3 /* CKJButton.m in Sources */ = {isa = PBXBuildFile; fileRef = BC9E1B3D23D6C5CF00169DB3 /* CKJButton.m */; };
		BC9E1BBD23D6C5CF00169DB3 /* CKJWorker.m in Sources */ = {isa = PBXBuildFile; fileRef = BC9E1B3E23D6C5CF00169DB3 /* CKJWorker.m */; };
		BC9E1BBE23D6C5CF00169DB3 /* CKJBaseTableVC.m in Sources */ = {isa = PBXBuildFile; fileRef = BC9E1B4723D6C5CF00169DB3 /* CKJBaseTableVC.m */; };
		BC9E1BBF23D6C5CF00169DB3 /* CKJCommonSectionModel.m in Sources */ = {isa = PBXBuildFile; fileRef = BC9E1B4B23D6C5CF00169DB3 /* CKJCommonSectionModel.m */; };
		BC9E1BC023D6C5CF00169DB3 /* CKJCommonCellModel.m in Sources */ = {isa = PBXBuildFile; fileRef = BC9E1B4C23D6C5CF00169DB3 /* CKJCommonCellModel.m */; };
		BC9E1BC123D6C5CF00169DB3 /* CKJInputData.m in Sources */ = {isa = PBXBuildFile; fileRef = BC9E1B4F23D6C5CF00169DB3 /* CKJInputData.m */; };
		BC9E1BC223D6C5CF00169DB3 /* CKJSimpleBaseModel.m in Sources */ = {isa = PBXBuildFile; fileRef = BC9E1B5123D6C5CF00169DB3 /* CKJSimpleBaseModel.m */; };
		BC9E1BC323D6C5CF00169DB3 /* CKJCommonHeaderFooterModel.m in Sources */ = {isa = PBXBuildFile; fileRef = BC9E1B5223D6C5CF00169DB3 /* CKJCommonHeaderFooterModel.m */; };
		BC9E1BC423D6C5CF00169DB3 /* CKJSimpleTableViewStyle.m in Sources */ = {isa = PBXBuildFile; fileRef = BC9E1B5323D6C5CF00169DB3 /* CKJSimpleTableViewStyle.m */; };
		BC9E1BC523D6C5CF00169DB3 /* CKJDemoCell.m in Sources */ = {isa = PBXBuildFile; fileRef = BC9E1B5723D6C5CF00169DB3 /* CKJDemoCell.m */; };
		BC9E1BC623D6C5CF00169DB3 /* CKJDemoCell.xib in Resources */ = {isa = PBXBuildFile; fileRef = BC9E1B5823D6C5CF00169DB3 /* CKJDemoCell.xib */; };
		BC9E1BC723D6C5CF00169DB3 /* CKJEmptyHeaderFooterCell.m in Sources */ = {isa = PBXBuildFile; fileRef = BC9E1B5D23D6C5CF00169DB3 /* CKJEmptyHeaderFooterCell.m */; };
		BC9E1BC823D6C5CF00169DB3 /* CKJOneBtnCell.m in Sources */ = {isa = PBXBuildFile; fileRef = BC9E1B5E23D6C5CF00169DB3 /* CKJOneBtnCell.m */; };
		BC9E1BC923D6C5CF00169DB3 /* CKJEmptyCell.m in Sources */ = {isa = PBXBuildFile; fileRef = BC9E1B5F23D6C5CF00169DB3 /* CKJEmptyCell.m */; };
		BC9E1BCA23D6C5CF00169DB3 /* CKJLikeQRCell.m in Sources */ = {isa = PBXBuildFile; fileRef = BC9E1B6023D6C5CF00169DB3 /* CKJLikeQRCell.m */; };
		BC9E1BCB23D6C5CF00169DB3 /* CKJImageViewCell.m in Sources */ = {isa = PBXBuildFile; fileRef = BC9E1B6123D6C5CF00169DB3 /* CKJImageViewCell.m */; };
		BC9E1BCC23D6C5CF00169DB3 /* CKJGeneralCell.m in Sources */ = {isa = PBXBuildFile; fileRef = BC9E1B6723D6C5CF00169DB3 /* CKJGeneralCell.m */; };
		BC9E1BCD23D6C5CF00169DB3 /* CKJTableViewCell1.m in Sources */ = {isa = PBXBuildFile; fileRef = BC9E1B6A23D6C5CF00169DB3 /* CKJTableViewCell1.m */; };
		BC9E1BCE23D6C5CF00169DB3 /* CKJTableViewCell2.m in Sources */ = {isa = PBXBuildFile; fileRef = BC9E1B6B23D6C5CF00169DB3 /* CKJTableViewCell2.m */; };
		BC9E1BCF23D6C5CF00169DB3 /* CKJLeftRightTopEqualCell.m in Sources */ = {isa = PBXBuildFile; fileRef = BC9E1B7023D6C5CF00169DB3 /* CKJLeftRightTopEqualCell.m */; };
		BC9E1BD023D6C5CF00169DB3 /* CKJLeftRightCenterEqualCell.m in Sources */ = {isa = PBXBuildFile; fileRef = BC9E1B7123D6C5CF00169DB3 /* CKJLeftRightCenterEqualCell.m */; };
		BC9E1BD123D6C5CF00169DB3 /* CKJStackCell.m in Sources */ = {isa = PBXBuildFile; fileRef = BC9E1B7323D6C5CF00169DB3 /* CKJStackCell.m */; };
		BC9E1BD223D6C5CF00169DB3 /* CKJBaseLeftRightCell.m in Sources */ = {isa = PBXBuildFile; fileRef = BC9E1B7523D6C5CF00169DB3 /* CKJBaseLeftRightCell.m */; };
		BC9E1BD323D6C5CF00169DB3 /* CKJBaseTableViewCell.m in Sources */ = {isa = PBXBuildFile; fileRef = BC9E1B7723D6C5CF00169DB3 /* CKJBaseTableViewCell.m */; };
		BC9E1BD423D6C5CF00169DB3 /* CKJInputCustomSuperCell.m in Sources */ = {isa = PBXBuildFile; fileRef = BC9E1B7923D6C5CF00169DB3 /* CKJInputCustomSuperCell.m */; };
		BC9E1BD523D6C5CF00169DB3 /* CKJLibraryHelper.m in Sources */ = {isa = PBXBuildFile; fileRef = BC9E1B7A23D6C5CF00169DB3 /* CKJLibraryHelper.m */; };
		BC9E1BD623D6C5CF00169DB3 /* CKJBaseBtnsCell.m in Sources */ = {isa = PBXBuildFile; fileRef = BC9E1B7D23D6C5CF00169DB3 /* CKJBaseBtnsCell.m */; };
		BC9E1BD723D6C5CF00169DB3 /* CKJBaseImageLeftRightCell.m in Sources */ = {isa = PBXBuildFile; fileRef = BC9E1B7F23D6C5CF00169DB3 /* CKJBaseImageLeftRightCell.m */; };
		BC9E1BD823D6C5CF00169DB3 /* CKJChooseHelper.m in Sources */ = {isa = PBXBuildFile; fileRef = BC9E1B8123D6C5CF00169DB3 /* CKJChooseHelper.m */; };
		BC9E1BD923D6C5CF00169DB3 /* CKJCommonTableViewCell.m in Sources */ = {isa = PBXBuildFile; fileRef = BC9E1B8323D6C5CF00169DB3 /* CKJCommonTableViewCell.m */; };
		BC9E1BDA23D6C5CF00169DB3 /* CKJBtnsCell2.m in Sources */ = {isa = PBXBuildFile; fileRef = BC9E1B8623D6C5CF00169DB3 /* CKJBtnsCell2.m */; };
		BC9E1BDB23D6C5CF00169DB3 /* CKJBtnsCell1.m in Sources */ = {isa = PBXBuildFile; fileRef = BC9E1B8723D6C5CF00169DB3 /* CKJBtnsCell1.m */; };
		BC9E1BDC23D6C5CF00169DB3 /* CKJImageLeftCell.m in Sources */ = {isa = PBXBuildFile; fileRef = BC9E1B8C23D6C5CF00169DB3 /* CKJImageLeftCell.m */; };
		BC9E1BDD23D6C5CF00169DB3 /* CKJImageRightCell.m in Sources */ = {isa = PBXBuildFile; fileRef = BC9E1B8D23D6C5CF00169DB3 /* CKJImageRightCell.m */; };
		BC9E1BDE23D6C5CF00169DB3 /* CKJPayCell.m in Sources */ = {isa = PBXBuildFile; fileRef = BC9E1B9023D6C5CF00169DB3 /* CKJPayCell.m */; };
		BC9E1BDF23D6C5CF00169DB3 /* CKJInputCell.m in Sources */ = {isa = PBXBuildFile; fileRef = BC9E1B9423D6C5CF00169DB3 /* CKJInputCell.m */; };
		BC9E1BE023D6C5CF00169DB3 /* CKJCell.m in Sources */ = {isa = PBXBuildFile; fileRef = BC9E1B9523D6C5CF00169DB3 /* CKJCell.m */; };
		BC9E1BE123D6C5CF00169DB3 /* CKJScrollViewCell.m in Sources */ = {isa = PBXBuildFile; fileRef = BC9E1B9823D6C5CF00169DB3 /* CKJScrollViewCell.m */; };
		BC9E1BE223D6C5CF00169DB3 /* CKJTableViewHeaderFooterEmptyView.m in Sources */ = {isa = PBXBuildFile; fileRef = BC9E1B9A23D6C5CF00169DB3 /* CKJTableViewHeaderFooterEmptyView.m */; };
		BC9E1BE323D6C5CF00169DB3 /* CKJCommonTableViewHeaderFooterView.m in Sources */ = {isa = PBXBuildFile; fileRef = BC9E1B9D23D6C5CF00169DB3 /* CKJCommonTableViewHeaderFooterView.m */; };
		BC9E1BE423D6C5CF00169DB3 /* CKJTitleStyleHeaderFooterView.m in Sources */ = {isa = PBXBuildFile; fileRef = BC9E1B9F23D6C5CF00169DB3 /* CKJTitleStyleHeaderFooterView.m */; };
		BC9E1BE523D6C5CF00169DB3 /* KJSupportObjc.bundle in Resources */ = {isa = PBXBuildFile; fileRef = BC9E1BA123D6C5CF00169DB3 /* KJSupportObjc.bundle */; };
		BC9E1BE623D6C5CF00169DB3 /* CKJFixMode.m in Sources */ = {isa = PBXBuildFile; fileRef = BC9E1BA323D6C5CF00169DB3 /* CKJFixMode.m */; };
		BC9E1BE723D6C5CF00169DB3 /* KJSupportHeader.m in Sources */ = {isa = PBXBuildFile; fileRef = BC9E1BA623D6C5CF00169DB3 /* KJSupportHeader.m */; };
		BCE959E023D586F100B2C5FE /* AppDelegate.swift in Sources */ = {isa = PBXBuildFile; fileRef = BCE959DF23D586F100B2C5FE /* AppDelegate.swift */; };
		BCE959E223D586F100B2C5FE /* SceneDelegate.swift in Sources */ = {isa = PBXBuildFile; fileRef = BCE959E123D586F100B2C5FE /* SceneDelegate.swift */; };
		BCE959E423D586F100B2C5FE /* ViewController.swift in Sources */ = {isa = PBXBuildFile; fileRef = BCE959E323D586F100B2C5FE /* ViewController.swift */; };
		BCE959E723D586F100B2C5FE /* Main.storyboard in Resources */ = {isa = PBXBuildFile; fileRef = BCE959E523D586F100B2C5FE /* Main.storyboard */; };
		BCE959E923D586F200B2C5FE /* Assets.xcassets in Resources */ = {isa = PBXBuildFile; fileRef = BCE959E823D586F200B2C5FE /* Assets.xcassets */; };
		BCE959EC23D586F200B2C5FE /* LaunchScreen.storyboard in Resources */ = {isa = PBXBuildFile; fileRef = BCE959EA23D586F200B2C5FE /* LaunchScreen.storyboard */; };
		C541301ACC0C500A130B58C4 /* Pods_Demo.framework in Frameworks */ = {isa = PBXBuildFile; fileRef = 7BD9F5E102E07E8B349FD014 /* Pods_Demo.framework */; };
/* End PBXBuildFile section */

/* Begin PBXFileReference section */
		5220DC044D7B74046DF467CF /* Pods-Demo.release.xcconfig */ = {isa = PBXFileReference; includeInIndex = 1; lastKnownFileType = text.xcconfig; name = "Pods-Demo.release.xcconfig"; path = "Target Support Files/Pods-Demo/Pods-Demo.release.xcconfig"; sourceTree = "<group>"; };
		7BD9F5E102E07E8B349FD014 /* Pods_Demo.framework */ = {isa = PBXFileReference; explicitFileType = wrapper.framework; includeInIndex = 0; path = Pods_Demo.framework; sourceTree = BUILT_PRODUCTS_DIR; };
		BC8FF86223FD303D00F003DC /* MyVC.swift */ = {isa = PBXFileReference; lastKnownFileType = sourcecode.swift; path = MyVC.swift; sourceTree = "<group>"; };
		BC9E19CB23D5963300169DB3 /* RootTabBarVC.swift */ = {isa = PBXFileReference; lastKnownFileType = sourcecode.swift; path = RootTabBarVC.swift; sourceTree = "<group>"; };
		BC9E1AAD23D5A05C00169DB3 /* SOBridge.h */ = {isa = PBXFileReference; lastKnownFileType = sourcecode.c.h; path = SOBridge.h; sourceTree = "<group>"; };
		BC9E1AB323D5A3F100169DB3 /* DMHomeVC.swift */ = {isa = PBXFileReference; lastKnownFileType = sourcecode.swift; path = DMHomeVC.swift; sourceTree = "<group>"; };
		BC9E1AB823D5A53C00169DB3 /* RJProjectResorce.swift */ = {isa = PBXFileReference; lastKnownFileType = sourcecode.swift; path = RJProjectResorce.swift; sourceTree = "<group>"; };
		BC9E1ABA23D5A7DE00169DB3 /* DMRes.h */ = {isa = PBXFileReference; lastKnownFileType = sourcecode.c.h; path = DMRes.h; sourceTree = "<group>"; };
		BC9E1ABB23D5A7DE00169DB3 /* DMRes.m */ = {isa = PBXFileReference; lastKnownFileType = sourcecode.c.objc; path = DMRes.m; sourceTree = "<group>"; };
		BC9E1ABD23D6BC3800169DB3 /* DMOCVC.h */ = {isa = PBXFileReference; lastKnownFileType = sourcecode.c.h; path = DMOCVC.h; sourceTree = "<group>"; };
		BC9E1ABE23D6BC3800169DB3 /* DMOCVC.m */ = {isa = PBXFileReference; lastKnownFileType = sourcecode.c.objc; path = DMOCVC.m; sourceTree = "<group>"; };
		BC9E1B0D23D6C5CE00169DB3 /* KJSupportObjc.h */ = {isa = PBXFileReference; fileEncoding = 4; lastKnownFileType = sourcecode.c.h; path = KJSupportObjc.h; sourceTree = "<group>"; };
		BC9E1B0F23D6C5CE00169DB3 /* NSObject+WDYHFCategory.m */ = {isa = PBXFileReference; fileEncoding = 4; lastKnownFileType = sourcecode.c.objc; path = "NSObject+WDYHFCategory.m"; sourceTree = "<group>"; };
		BC9E1B1023D6C5CE00169DB3 /* UIView+CKJDesingable.h */ = {isa = PBXFileReference; fileEncoding = 4; lastKnownFileType = sourcecode.c.h; path = "UIView+CKJDesingable.h"; sourceTree = "<group>"; };
		BC9E1B1123D6C5CE00169DB3 /* NSObject+WDYHFCategory.h */ = {isa = PBXFileReference; fileEncoding = 4; lastKnownFileType = sourcecode.c.h; path = "NSObject+WDYHFCategory.h"; sourceTree = "<group>"; };
		BC9E1B1223D6C5CE00169DB3 /* UIView+CKJDesingable.m */ = {isa = PBXFileReference; fileEncoding = 4; lastKnownFileType = sourcecode.c.objc; path = "UIView+CKJDesingable.m"; sourceTree = "<group>"; };
		BC9E1B1423D6C5CE00169DB3 /* FileManagerTool.m */ = {isa = PBXFileReference; fileEncoding = 4; lastKnownFileType = sourcecode.c.objc; path = FileManagerTool.m; sourceTree = "<group>"; };
		BC9E1B1523D6C5CE00169DB3 /* CKJGlobalHeader.h */ = {isa = PBXFileReference; fileEncoding = 4; lastKnownFileType = sourcecode.c.h; path = CKJGlobalHeader.h; sourceTree = "<group>"; };
		BC9E1B1623D6C5CE00169DB3 /* CKJBaseViewController.m */ = {isa = PBXFileReference; fileEncoding = 4; lastKnownFileType = sourcecode.c.objc; path = CKJBaseViewController.m; sourceTree = "<group>"; };
		BC9E1B1723D6C5CE00169DB3 /* KJCommonManager.m */ = {isa = PBXFileReference; fileEncoding = 4; lastKnownFileType = sourcecode.c.objc; path = KJCommonManager.m; sourceTree = "<group>"; };
		BC9E1B1823D6C5CE00169DB3 /* CKJBaseModel.h */ = {isa = PBXFileReference; fileEncoding = 4; lastKnownFileType = sourcecode.c.h; path = CKJBaseModel.h; sourceTree = "<group>"; };
		BC9E1B1923D6C5CE00169DB3 /* CKJRSA.m */ = {isa = PBXFileReference; fileEncoding = 4; lastKnownFileType = sourcecode.c.objc; path = CKJRSA.m; sourceTree = "<group>"; };
		BC9E1B1A23D6C5CE00169DB3 /* LightStorageManager.h */ = {isa = PBXFileReference; fileEncoding = 4; lastKnownFileType = sourcecode.c.h; path = LightStorageManager.h; sourceTree = "<group>"; };
		BC9E1B1B23D6C5CF00169DB3 /* CKJGlobalHeader.m */ = {isa = PBXFileReference; fileEncoding = 4; lastKnownFileType = sourcecode.c.objc; path = CKJGlobalHeader.m; sourceTree = "<group>"; };
		BC9E1B1C23D6C5CF00169DB3 /* FileManagerTool.h */ = {isa = PBXFileReference; fileEncoding = 4; lastKnownFileType = sourcecode.c.h; path = FileManagerTool.h; sourceTree = "<group>"; };
		BC9E1B1D23D6C5CF00169DB3 /* KJCommonManager.h */ = {isa = PBXFileReference; fileEncoding = 4; lastKnownFileType = sourcecode.c.h; path = KJCommonManager.h; sourceTree = "<group>"; };
		BC9E1B1E23D6C5CF00169DB3 /* CKJBaseViewController.h */ = {isa = PBXFileReference; fileEncoding = 4; lastKnownFileType = sourcecode.c.h; path = CKJBaseViewController.h; sourceTree = "<group>"; };
		BC9E1B1F23D6C5CF00169DB3 /* LightStorageManager.m */ = {isa = PBXFileReference; fileEncoding = 4; lastKnownFileType = sourcecode.c.objc; path = LightStorageManager.m; sourceTree = "<group>"; };
		BC9E1B2023D6C5CF00169DB3 /* CKJRSA.h */ = {isa = PBXFileReference; fileEncoding = 4; lastKnownFileType = sourcecode.c.h; path = CKJRSA.h; sourceTree = "<group>"; };
		BC9E1B2123D6C5CF00169DB3 /* CKJBaseModel.m */ = {isa = PBXFileReference; fileEncoding = 4; lastKnownFileType = sourcecode.c.objc; path = CKJBaseModel.m; sourceTree = "<group>"; };
		BC9E1B2323D6C5CF00169DB3 /* CKJProjectConfig.m */ = {isa = PBXFileReference; fileEncoding = 4; lastKnownFileType = sourcecode.c.objc; path = CKJProjectConfig.m; sourceTree = "<group>"; };
		BC9E1B2423D6C5CF00169DB3 /* CKJProjectConfig.h */ = {isa = PBXFileReference; fileEncoding = 4; lastKnownFileType = sourcecode.c.h; path = CKJProjectConfig.h; sourceTree = "<group>"; };
		BC9E1B2723D6C5CF00169DB3 /* CKJToolView.h */ = {isa = PBXFileReference; fileEncoding = 4; lastKnownFileType = sourcecode.c.h; path = CKJToolView.h; sourceTree = "<group>"; };
		BC9E1B2823D6C5CF00169DB3 /* CKJPickerView.m */ = {isa = PBXFileReference; fileEncoding = 4; lastKnownFileType = sourcecode.c.objc; path = CKJPickerView.m; sourceTree = "<group>"; };
		BC9E1B2923D6C5CF00169DB3 /* CKJToolPickerView.m */ = {isa = PBXFileReference; fileEncoding = 4; lastKnownFileType = sourcecode.c.objc; path = CKJToolPickerView.m; sourceTree = "<group>"; };
		BC9E1B2A23D6C5CF00169DB3 /* CKJDatePickerView.m */ = {isa = PBXFileReference; fileEncoding = 4; lastKnownFileType = sourcecode.c.objc; path = CKJDatePickerView.m; sourceTree = "<group>"; };
		BC9E1B2B23D6C5CF00169DB3 /* CKJToolView.m */ = {isa = PBXFileReference; fileEncoding = 4; lastKnownFileType = sourcecode.c.objc; path = CKJToolView.m; sourceTree = "<group>"; };
		BC9E1B2C23D6C5CF00169DB3 /* CKJPickerView.h */ = {isa = PBXFileReference; fileEncoding = 4; lastKnownFileType = sourcecode.c.h; path = CKJPickerView.h; sourceTree = "<group>"; };
		BC9E1B2D23D6C5CF00169DB3 /* CKJDatePickerView.h */ = {isa = PBXFileReference; fileEncoding = 4; lastKnownFileType = sourcecode.c.h; path = CKJDatePickerView.h; sourceTree = "<group>"; };
		BC9E1B2E23D6C5CF00169DB3 /* CKJToolPickerView.h */ = {isa = PBXFileReference; fileEncoding = 4; lastKnownFileType = sourcecode.c.h; path = CKJToolPickerView.h; sourceTree = "<group>"; };
		BC9E1B2F23D6C5CF00169DB3 /* CKJXBtnsView.m */ = {isa = PBXFileReference; fileEncoding = 4; lastKnownFileType = sourcecode.c.objc; path = CKJXBtnsView.m; sourceTree = "<group>"; };
		BC9E1B3023D6C5CF00169DB3 /* CKJTableEmptyView.h */ = {isa = PBXFileReference; fileEncoding = 4; lastKnownFileType = sourcecode.c.h; path = CKJTableEmptyView.h; sourceTree = "<group>"; };
		BC9E1B3123D6C5CF00169DB3 /* CKJFiveLabelView.m */ = {isa = PBXFileReference; fileEncoding = 4; lastKnownFileType = sourcecode.c.objc; path = CKJFiveLabelView.m; sourceTree = "<group>"; };
		BC9E1B3223D6C5CF00169DB3 /* CKJToolbar.m */ = {isa = PBXFileReference; fileEncoding = 4; lastKnownFileType = sourcecode.c.objc; path = CKJToolbar.m; sourceTree = "<group>"; };
		BC9E1B3323D6C5CF00169DB3 /* CKJPayBottomView.m */ = {isa = PBXFileReference; fileEncoding = 4; lastKnownFileType = sourcecode.c.objc; path = CKJPayBottomView.m; sourceTree = "<group>"; };
		BC9E1B3423D6C5CF00169DB3 /* CKJFiveLabelView.h */ = {isa = PBXFileReference; fileEncoding = 4; lastKnownFileType = sourcecode.c.h; path = CKJFiveLabelView.h; sourceTree = "<group>"; };
		BC9E1B3523D6C5CF00169DB3 /* CKJTableEmptyView.m */ = {isa = PBXFileReference; fileEncoding = 4; lastKnownFileType = sourcecode.c.objc; path = CKJTableEmptyView.m; sourceTree = "<group>"; };
		BC9E1B3623D6C5CF00169DB3 /* CKJXBtnsView.h */ = {isa = PBXFileReference; fileEncoding = 4; lastKnownFileType = sourcecode.c.h; path = CKJXBtnsView.h; sourceTree = "<group>"; };
		BC9E1B3723D6C5CF00169DB3 /* CKJPayBottomView.h */ = {isa = PBXFileReference; fileEncoding = 4; lastKnownFileType = sourcecode.c.h; path = CKJPayBottomView.h; sourceTree = "<group>"; };
		BC9E1B3823D6C5CF00169DB3 /* CKJToolbar.h */ = {isa = PBXFileReference; fileEncoding = 4; lastKnownFileType = sourcecode.c.h; path = CKJToolbar.h; sourceTree = "<group>"; };
		BC9E1B3A23D6C5CF00169DB3 /* CKJSimpleTableView.m */ = {isa = PBXFileReference; fileEncoding = 4; lastKnownFileType = sourcecode.c.objc; path = CKJSimpleTableView.m; sourceTree = "<group>"; };
		BC9E1B3D23D6C5CF00169DB3 /* CKJButton.m */ = {isa = PBXFileReference; fileEncoding = 4; lastKnownFileType = sourcecode.c.objc; path = CKJButton.m; sourceTree = "<group>"; };
		BC9E1B3E23D6C5CF00169DB3 /* CKJWorker.m */ = {isa = PBXFileReference; fileEncoding = 4; lastKnownFileType = sourcecode.c.objc; path = CKJWorker.m; sourceTree = "<group>"; };
		BC9E1B3F23D6C5CF00169DB3 /* CKJButton.h */ = {isa = PBXFileReference; fileEncoding = 4; lastKnownFileType = sourcecode.c.h; path = CKJButton.h; sourceTree = "<group>"; };
		BC9E1B4023D6C5CF00169DB3 /* CKJWorker.h */ = {isa = PBXFileReference; fileEncoding = 4; lastKnownFileType = sourcecode.c.h; path = CKJWorker.h; sourceTree = "<group>"; };
		BC9E1B4223D6C5CF00169DB3 /* CKJSimpleTableViewDelegate.h */ = {isa = PBXFileReference; fileEncoding = 4; lastKnownFileType = sourcecode.c.h; path = CKJSimpleTableViewDelegate.h; sourceTree = "<group>"; };
		BC9E1B4323D6C5CF00169DB3 /* CKJCombineCellProtocol.h */ = {isa = PBXFileReference; fileEncoding = 4; lastKnownFileType = sourcecode.c.h; path = CKJCombineCellProtocol.h; sourceTree = "<group>"; };
		BC9E1B4423D6C5CF00169DB3 /* CKJSimpleTableViewDataSource.h */ = {isa = PBXFileReference; fileEncoding = 4; lastKnownFileType = sourcecode.c.h; path = CKJSimpleTableViewDataSource.h; sourceTree = "<group>"; };
		BC9E1B4623D6C5CF00169DB3 /* CKJBaseTableVC.h */ = {isa = PBXFileReference; fileEncoding = 4; lastKnownFileType = sourcecode.c.h; path = CKJBaseTableVC.h; sourceTree = "<group>"; };
		BC9E1B4723D6C5CF00169DB3 /* CKJBaseTableVC.m */ = {isa = PBXFileReference; fileEncoding = 4; lastKnownFileType = sourcecode.c.objc; path = CKJBaseTableVC.m; sourceTree = "<group>"; };
		BC9E1B4923D6C5CF00169DB3 /* CKJInputData.h */ = {isa = PBXFileReference; fileEncoding = 4; lastKnownFileType = sourcecode.c.h; path = CKJInputData.h; sourceTree = "<group>"; };
		BC9E1B4A23D6C5CF00169DB3 /* CKJSimpleBaseModel.h */ = {isa = PBXFileReference; fileEncoding = 4; lastKnownFileType = sourcecode.c.h; path = CKJSimpleBaseModel.h; sourceTree = "<group>"; };
		BC9E1B4B23D6C5CF00169DB3 /* CKJCommonSectionModel.m */ = {isa = PBXFileReference; fileEncoding = 4; lastKnownFileType = sourcecode.c.objc; path = CKJCommonSectionModel.m; sourceTree = "<group>"; };
		BC9E1B4C23D6C5CF00169DB3 /* CKJCommonCellModel.m */ = {isa = PBXFileReference; fileEncoding = 4; lastKnownFileType = sourcecode.c.objc; path = CKJCommonCellModel.m; sourceTree = "<group>"; };
		BC9E1B4D23D6C5CF00169DB3 /* CKJSimpleTableViewStyle.h */ = {isa = PBXFileReference; fileEncoding = 4; lastKnownFileType = sourcecode.c.h; path = CKJSimpleTableViewStyle.h; sourceTree = "<group>"; };
		BC9E1B4E23D6C5CF00169DB3 /* CKJCommonHeaderFooterModel.h */ = {isa = PBXFileReference; fileEncoding = 4; lastKnownFileType = sourcecode.c.h; path = CKJCommonHeaderFooterModel.h; sourceTree = "<group>"; };
		BC9E1B4F23D6C5CF00169DB3 /* CKJInputData.m */ = {isa = PBXFileReference; fileEncoding = 4; lastKnownFileType = sourcecode.c.objc; path = CKJInputData.m; sourceTree = "<group>"; };
		BC9E1B5023D6C5CF00169DB3 /* CKJCommonSectionModel.h */ = {isa = PBXFileReference; fileEncoding = 4; lastKnownFileType = sourcecode.c.h; path = CKJCommonSectionModel.h; sourceTree = "<group>"; };
		BC9E1B5123D6C5CF00169DB3 /* CKJSimpleBaseModel.m */ = {isa = PBXFileReference; fileEncoding = 4; lastKnownFileType = sourcecode.c.objc; path = CKJSimpleBaseModel.m; sourceTree = "<group>"; };
		BC9E1B5223D6C5CF00169DB3 /* CKJCommonHeaderFooterModel.m */ = {isa = PBXFileReference; fileEncoding = 4; lastKnownFileType = sourcecode.c.objc; path = CKJCommonHeaderFooterModel.m; sourceTree = "<group>"; };
		BC9E1B5323D6C5CF00169DB3 /* CKJSimpleTableViewStyle.m */ = {isa = PBXFileReference; fileEncoding = 4; lastKnownFileType = sourcecode.c.objc; path = CKJSimpleTableViewStyle.m; sourceTree = "<group>"; };
		BC9E1B5423D6C5CF00169DB3 /* CKJCommonCellModel.h */ = {isa = PBXFileReference; fileEncoding = 4; lastKnownFileType = sourcecode.c.h; path = CKJCommonCellModel.h; sourceTree = "<group>"; };
		BC9E1B5723D6C5CF00169DB3 /* CKJDemoCell.m */ = {isa = PBXFileReference; fileEncoding = 4; lastKnownFileType = sourcecode.c.objc; path = CKJDemoCell.m; sourceTree = "<group>"; };
		BC9E1B5823D6C5CF00169DB3 /* CKJDemoCell.xib */ = {isa = PBXFileReference; fileEncoding = 4; lastKnownFileType = file.xib; path = CKJDemoCell.xib; sourceTree = "<group>"; };
		BC9E1B5923D6C5CF00169DB3 /* CKJDemoCell.h */ = {isa = PBXFileReference; fileEncoding = 4; lastKnownFileType = sourcecode.c.h; path = CKJDemoCell.h; sourceTree = "<group>"; };
		BC9E1B5C23D6C5CF00169DB3 /* CKJImageViewCell.h */ = {isa = PBXFileReference; fileEncoding = 4; lastKnownFileType = sourcecode.c.h; path = CKJImageViewCell.h; sourceTree = "<group>"; };
		BC9E1B5D23D6C5CF00169DB3 /* CKJEmptyHeaderFooterCell.m */ = {isa = PBXFileReference; fileEncoding = 4; lastKnownFileType = sourcecode.c.objc; path = CKJEmptyHeaderFooterCell.m; sourceTree = "<group>"; };
		BC9E1B5E23D6C5CF00169DB3 /* CKJOneBtnCell.m */ = {isa = PBXFileReference; fileEncoding = 4; lastKnownFileType = sourcecode.c.objc; path = CKJOneBtnCell.m; sourceTree = "<group>"; };
		BC9E1B5F23D6C5CF00169DB3 /* CKJEmptyCell.m */ = {isa = PBXFileReference; fileEncoding = 4; lastKnownFileType = sourcecode.c.objc; path = CKJEmptyCell.m; sourceTree = "<group>"; };
		BC9E1B6023D6C5CF00169DB3 /* CKJLikeQRCell.m */ = {isa = PBXFileReference; fileEncoding = 4; lastKnownFileType = sourcecode.c.objc; path = CKJLikeQRCell.m; sourceTree = "<group>"; };
		BC9E1B6123D6C5CF00169DB3 /* CKJImageViewCell.m */ = {isa = PBXFileReference; fileEncoding = 4; lastKnownFileType = sourcecode.c.objc; path = CKJImageViewCell.m; sourceTree = "<group>"; };
		BC9E1B6223D6C5CF00169DB3 /* CKJOneBtnCell.h */ = {isa = PBXFileReference; fileEncoding = 4; lastKnownFileType = sourcecode.c.h; path = CKJOneBtnCell.h; sourceTree = "<group>"; };
		BC9E1B6323D6C5CF00169DB3 /* CKJEmptyHeaderFooterCell.h */ = {isa = PBXFileReference; fileEncoding = 4; lastKnownFileType = sourcecode.c.h; path = CKJEmptyHeaderFooterCell.h; sourceTree = "<group>"; };
		BC9E1B6423D6C5CF00169DB3 /* CKJLikeQRCell.h */ = {isa = PBXFileReference; fileEncoding = 4; lastKnownFileType = sourcecode.c.h; path = CKJLikeQRCell.h; sourceTree = "<group>"; };
		BC9E1B6523D6C5CF00169DB3 /* CKJEmptyCell.h */ = {isa = PBXFileReference; fileEncoding = 4; lastKnownFileType = sourcecode.c.h; path = CKJEmptyCell.h; sourceTree = "<group>"; };
		BC9E1B6723D6C5CF00169DB3 /* CKJGeneralCell.m */ = {isa = PBXFileReference; fileEncoding = 4; lastKnownFileType = sourcecode.c.objc; path = CKJGeneralCell.m; sourceTree = "<group>"; };
		BC9E1B6823D6C5CF00169DB3 /* CKJGeneralCell.h */ = {isa = PBXFileReference; fileEncoding = 4; lastKnownFileType = sourcecode.c.h; path = CKJGeneralCell.h; sourceTree = "<group>"; };
		BC9E1B6A23D6C5CF00169DB3 /* CKJTableViewCell1.m */ = {isa = PBXFileReference; fileEncoding = 4; lastKnownFileType = sourcecode.c.objc; path = CKJTableViewCell1.m; sourceTree = "<group>"; };
		BC9E1B6B23D6C5CF00169DB3 /* CKJTableViewCell2.m */ = {isa = PBXFileReference; fileEncoding = 4; lastKnownFileType = sourcecode.c.objc; path = CKJTableViewCell2.m; sourceTree = "<group>"; };
		BC9E1B6C23D6C5CF00169DB3 /* CKJLeftRightCenterEqualCell.h */ = {isa = PBXFileReference; fileEncoding = 4; lastKnownFileType = sourcecode.c.h; path = CKJLeftRightCenterEqualCell.h; sourceTree = "<group>"; };
		BC9E1B6D23D6C5CF00169DB3 /* CKJLeftRightTopEqualCell.h */ = {isa = PBXFileReference; fileEncoding = 4; lastKnownFileType = sourcecode.c.h; path = CKJLeftRightTopEqualCell.h; sourceTree = "<group>"; };
		BC9E1B6E23D6C5CF00169DB3 /* CKJTableViewCell1.h */ = {isa = PBXFileReference; fileEncoding = 4; lastKnownFileType = sourcecode.c.h; path = CKJTableViewCell1.h; sourceTree = "<group>"; };
		BC9E1B6F23D6C5CF00169DB3 /* CKJTableViewCell2.h */ = {isa = PBXFileReference; fileEncoding = 4; lastKnownFileType = sourcecode.c.h; path = CKJTableViewCell2.h; sourceTree = "<group>"; };
		BC9E1B7023D6C5CF00169DB3 /* CKJLeftRightTopEqualCell.m */ = {isa = PBXFileReference; fileEncoding = 4; lastKnownFileType = sourcecode.c.objc; path = CKJLeftRightTopEqualCell.m; sourceTree = "<group>"; };
		BC9E1B7123D6C5CF00169DB3 /* CKJLeftRightCenterEqualCell.m */ = {isa = PBXFileReference; fileEncoding = 4; lastKnownFileType = sourcecode.c.objc; path = CKJLeftRightCenterEqualCell.m; sourceTree = "<group>"; };
		BC9E1B7323D6C5CF00169DB3 /* CKJStackCell.m */ = {isa = PBXFileReference; fileEncoding = 4; lastKnownFileType = sourcecode.c.objc; path = CKJStackCell.m; sourceTree = "<group>"; };
		BC9E1B7423D6C5CF00169DB3 /* CKJBaseBtnsCell.h */ = {isa = PBXFileReference; fileEncoding = 4; lastKnownFileType = sourcecode.c.h; path = CKJBaseBtnsCell.h; sourceTree = "<group>"; };
		BC9E1B7523D6C5CF00169DB3 /* CKJBaseLeftRightCell.m */ = {isa = PBXFileReference; fileEncoding = 4; lastKnownFileType = sourcecode.c.objc; path = CKJBaseLeftRightCell.m; sourceTree = "<group>"; };
		BC9E1B7623D6C5CF00169DB3 /* CKJChooseHelper.h */ = {isa = PBXFileReference; fileEncoding = 4; lastKnownFileType = sourcecode.c.h; path = CKJChooseHelper.h; sourceTree = "<group>"; };
		BC9E1B7723D6C5CF00169DB3 /* CKJBaseTableViewCell.m */ = {isa = PBXFileReference; fileEncoding = 4; lastKnownFileType = sourcecode.c.objc; path = CKJBaseTableViewCell.m; sourceTree = "<group>"; };
		BC9E1B7823D6C5CF00169DB3 /* CKJBaseImageLeftRightCell.h */ = {isa = PBXFileReference; fileEncoding = 4; lastKnownFileType = sourcecode.c.h; path = CKJBaseImageLeftRightCell.h; sourceTree = "<group>"; };
		BC9E1B7923D6C5CF00169DB3 /* CKJInputCustomSuperCell.m */ = {isa = PBXFileReference; fileEncoding = 4; lastKnownFileType = sourcecode.c.objc; path = CKJInputCustomSuperCell.m; sourceTree = "<group>"; };
		BC9E1B7A23D6C5CF00169DB3 /* CKJLibraryHelper.m */ = {isa = PBXFileReference; fileEncoding = 4; lastKnownFileType = sourcecode.c.objc; path = CKJLibraryHelper.m; sourceTree = "<group>"; };
		BC9E1B7B23D6C5CF00169DB3 /* CKJCommonTableViewCell.h */ = {isa = PBXFileReference; fileEncoding = 4; lastKnownFileType = sourcecode.c.h; path = CKJCommonTableViewCell.h; sourceTree = "<group>"; };
		BC9E1B7C23D6C5CF00169DB3 /* CKJBaseLeftRightCell.h */ = {isa = PBXFileReference; fileEncoding = 4; lastKnownFileType = sourcecode.c.h; path = CKJBaseLeftRightCell.h; sourceTree = "<group>"; };
		BC9E1B7D23D6C5CF00169DB3 /* CKJBaseBtnsCell.m */ = {isa = PBXFileReference; fileEncoding = 4; lastKnownFileType = sourcecode.c.objc; path = CKJBaseBtnsCell.m; sourceTree = "<group>"; };
		BC9E1B7E23D6C5CF00169DB3 /* CKJStackCell.h */ = {isa = PBXFileReference; fileEncoding = 4; lastKnownFileType = sourcecode.c.h; path = CKJStackCell.h; sourceTree = "<group>"; };
		BC9E1B7F23D6C5CF00169DB3 /* CKJBaseImageLeftRightCell.m */ = {isa = PBXFileReference; fileEncoding = 4; lastKnownFileType = sourcecode.c.objc; path = CKJBaseImageLeftRightCell.m; sourceTree = "<group>"; };
		BC9E1B8023D6C5CF00169DB3 /* CKJBaseTableViewCell.h */ = {isa = PBXFileReference; fileEncoding = 4; lastKnownFileType = sourcecode.c.h; path = CKJBaseTableViewCell.h; sourceTree = "<group>"; };
		BC9E1B8123D6C5CF00169DB3 /* CKJChooseHelper.m */ = {isa = PBXFileReference; fileEncoding = 4; lastKnownFileType = sourcecode.c.objc; path = CKJChooseHelper.m; sourceTree = "<group>"; };
		BC9E1B8223D6C5CF00169DB3 /* CKJInputCustomSuperCell.h */ = {isa = PBXFileReference; fileEncoding = 4; lastKnownFileType = sourcecode.c.h; path = CKJInputCustomSuperCell.h; sourceTree = "<group>"; };
		BC9E1B8323D6C5CF00169DB3 /* CKJCommonTableViewCell.m */ = {isa = PBXFileReference; fileEncoding = 4; lastKnownFileType = sourcecode.c.objc; path = CKJCommonTableViewCell.m; sourceTree = "<group>"; };
		BC9E1B8423D6C5CF00169DB3 /* CKJLibraryHelper.h */ = {isa = PBXFileReference; fileEncoding = 4; lastKnownFileType = sourcecode.c.h; path = CKJLibraryHelper.h; sourceTree = "<group>"; };
		BC9E1B8623D6C5CF00169DB3 /* CKJBtnsCell2.m */ = {isa = PBXFileReference; fileEncoding = 4; lastKnownFileType = sourcecode.c.objc; path = CKJBtnsCell2.m; sourceTree = "<group>"; };
		BC9E1B8723D6C5CF00169DB3 /* CKJBtnsCell1.m */ = {isa = PBXFileReference; fileEncoding = 4; lastKnownFileType = sourcecode.c.objc; path = CKJBtnsCell1.m; sourceTree = "<group>"; };
		BC9E1B8823D6C5CF00169DB3 /* CKJBtnsCell2.h */ = {isa = PBXFileReference; fileEncoding = 4; lastKnownFileType = sourcecode.c.h; path = CKJBtnsCell2.h; sourceTree = "<group>"; };
		BC9E1B8923D6C5CF00169DB3 /* CKJBtnsCell1.h */ = {isa = PBXFileReference; fileEncoding = 4; lastKnownFileType = sourcecode.c.h; path = CKJBtnsCell1.h; sourceTree = "<group>"; };
		BC9E1B8B23D6C5CF00169DB3 /* CKJPayCell.h */ = {isa = PBXFileReference; fileEncoding = 4; lastKnownFileType = sourcecode.c.h; path = CKJPayCell.h; sourceTree = "<group>"; };
		BC9E1B8C23D6C5CF00169DB3 /* CKJImageLeftCell.m */ = {isa = PBXFileReference; fileEncoding = 4; lastKnownFileType = sourcecode.c.objc; path = CKJImageLeftCell.m; sourceTree = "<group>"; };
		BC9E1B8D23D6C5CF00169DB3 /* CKJImageRightCell.m */ = {isa = PBXFileReference; fileEncoding = 4; lastKnownFileType = sourcecode.c.objc; path = CKJImageRightCell.m; sourceTree = "<group>"; };
		BC9E1B8E23D6C5CF00169DB3 /* CKJImageRightCell.h */ = {isa = PBXFileReference; fileEncoding = 4; lastKnownFileType = sourcecode.c.h; path = CKJImageRightCell.h; sourceTree = "<group>"; };
		BC9E1B8F23D6C5CF00169DB3 /* CKJImageLeftCell.h */ = {isa = PBXFileReference; fileEncoding = 4; lastKnownFileType = sourcecode.c.h; path = CKJImageLeftCell.h; sourceTree = "<group>"; };
		BC9E1B9023D6C5CF00169DB3 /* CKJPayCell.m */ = {isa = PBXFileReference; fileEncoding = 4; lastKnownFileType = sourcecode.c.objc; path = CKJPayCell.m; sourceTree = "<group>"; };
		BC9E1B9223D6C5CF00169DB3 /* CKJInputCell.h */ = {isa = PBXFileReference; fileEncoding = 4; lastKnownFileType = sourcecode.c.h; path = CKJInputCell.h; sourceTree = "<group>"; };
		BC9E1B9323D6C5CF00169DB3 /* CKJCell.h */ = {isa = PBXFileReference; fileEncoding = 4; lastKnownFileType = sourcecode.c.h; path = CKJCell.h; sourceTree = "<group>"; };
		BC9E1B9423D6C5CF00169DB3 /* CKJInputCell.m */ = {isa = PBXFileReference; fileEncoding = 4; lastKnownFileType = sourcecode.c.objc; path = CKJInputCell.m; sourceTree = "<group>"; };
		BC9E1B9523D6C5CF00169DB3 /* CKJCell.m */ = {isa = PBXFileReference; fileEncoding = 4; lastKnownFileType = sourcecode.c.objc; path = CKJCell.m; sourceTree = "<group>"; };
		BC9E1B9723D6C5CF00169DB3 /* CKJScrollViewCell.h */ = {isa = PBXFileReference; fileEncoding = 4; lastKnownFileType = sourcecode.c.h; path = CKJScrollViewCell.h; sourceTree = "<group>"; };
		BC9E1B9823D6C5CF00169DB3 /* CKJScrollViewCell.m */ = {isa = PBXFileReference; fileEncoding = 4; lastKnownFileType = sourcecode.c.objc; path = CKJScrollViewCell.m; sourceTree = "<group>"; };
		BC9E1B9A23D6C5CF00169DB3 /* CKJTableViewHeaderFooterEmptyView.m */ = {isa = PBXFileReference; fileEncoding = 4; lastKnownFileType = sourcecode.c.objc; path = CKJTableViewHeaderFooterEmptyView.m; sourceTree = "<group>"; };
		BC9E1B9B23D6C5CF00169DB3 /* CKJCommonTableViewHeaderFooterView.h */ = {isa = PBXFileReference; fileEncoding = 4; lastKnownFileType = sourcecode.c.h; path = CKJCommonTableViewHeaderFooterView.h; sourceTree = "<group>"; };
		BC9E1B9C23D6C5CF00169DB3 /* CKJTitleStyleHeaderFooterView.h */ = {isa = PBXFileReference; fileEncoding = 4; lastKnownFileType = sourcecode.c.h; path = CKJTitleStyleHeaderFooterView.h; sourceTree = "<group>"; };
		BC9E1B9D23D6C5CF00169DB3 /* CKJCommonTableViewHeaderFooterView.m */ = {isa = PBXFileReference; fileEncoding = 4; lastKnownFileType = sourcecode.c.objc; path = CKJCommonTableViewHeaderFooterView.m; sourceTree = "<group>"; };
		BC9E1B9E23D6C5CF00169DB3 /* CKJTableViewHeaderFooterEmptyView.h */ = {isa = PBXFileReference; fileEncoding = 4; lastKnownFileType = sourcecode.c.h; path = CKJTableViewHeaderFooterEmptyView.h; sourceTree = "<group>"; };
		BC9E1B9F23D6C5CF00169DB3 /* CKJTitleStyleHeaderFooterView.m */ = {isa = PBXFileReference; fileEncoding = 4; lastKnownFileType = sourcecode.c.objc; path = CKJTitleStyleHeaderFooterView.m; sourceTree = "<group>"; };
		BC9E1BA023D6C5CF00169DB3 /* CKJSimpleTableView.h */ = {isa = PBXFileReference; fileEncoding = 4; lastKnownFileType = sourcecode.c.h; path = CKJSimpleTableView.h; sourceTree = "<group>"; };
		BC9E1BA123D6C5CF00169DB3 /* KJSupportObjc.bundle */ = {isa = PBXFileReference; lastKnownFileType = "wrapper.plug-in"; path = KJSupportObjc.bundle; sourceTree = "<group>"; };
		BC9E1BA323D6C5CF00169DB3 /* CKJFixMode.m */ = {isa = PBXFileReference; fileEncoding = 4; lastKnownFileType = sourcecode.c.objc; path = CKJFixMode.m; sourceTree = "<group>"; };
		BC9E1BA423D6C5CF00169DB3 /* CKJFixMode.h */ = {isa = PBXFileReference; fileEncoding = 4; lastKnownFileType = sourcecode.c.h; path = CKJFixMode.h; sourceTree = "<group>"; };
		BC9E1BA623D6C5CF00169DB3 /* KJSupportHeader.m */ = {isa = PBXFileReference; fileEncoding = 4; lastKnownFileType = sourcecode.c.objc; path = KJSupportHeader.m; sourceTree = "<group>"; };
		BC9E1BA723D6C5CF00169DB3 /* KJSupportHeader.h */ = {isa = PBXFileReference; fileEncoding = 4; lastKnownFileType = sourcecode.c.h; path = KJSupportHeader.h; sourceTree = "<group>"; };
		BCE959DC23D586F100B2C5FE /* Demo.app */ = {isa = PBXFileReference; explicitFileType = wrapper.application; includeInIndex = 0; path = Demo.app; sourceTree = BUILT_PRODUCTS_DIR; };
		BCE959DF23D586F100B2C5FE /* AppDelegate.swift */ = {isa = PBXFileReference; lastKnownFileType = sourcecode.swift; path = AppDelegate.swift; sourceTree = "<group>"; };
		BCE959E123D586F100B2C5FE /* SceneDelegate.swift */ = {isa = PBXFileReference; lastKnownFileType = sourcecode.swift; path = SceneDelegate.swift; sourceTree = "<group>"; };
		BCE959E323D586F100B2C5FE /* ViewController.swift */ = {isa = PBXFileReference; lastKnownFileType = sourcecode.swift; path = ViewController.swift; sourceTree = "<group>"; };
		BCE959E623D586F100B2C5FE /* Base */ = {isa = PBXFileReference; lastKnownFileType = file.storyboard; name = Base; path = Base.lproj/Main.storyboard; sourceTree = "<group>"; };
		BCE959E823D586F200B2C5FE /* Assets.xcassets */ = {isa = PBXFileReference; lastKnownFileType = folder.assetcatalog; path = Assets.xcassets; sourceTree = "<group>"; };
		BCE959EB23D586F200B2C5FE /* Base */ = {isa = PBXFileReference; lastKnownFileType = file.storyboard; name = Base; path = Base.lproj/LaunchScreen.storyboard; sourceTree = "<group>"; };
		BCE959ED23D586F200B2C5FE /* Info.plist */ = {isa = PBXFileReference; lastKnownFileType = text.plist.xml; path = Info.plist; sourceTree = "<group>"; };
		D2AB62A9A622DDACB7565E53 /* Pods-Demo.debug.xcconfig */ = {isa = PBXFileReference; includeInIndex = 1; lastKnownFileType = text.xcconfig; name = "Pods-Demo.debug.xcconfig"; path = "Target Support Files/Pods-Demo/Pods-Demo.debug.xcconfig"; sourceTree = "<group>"; };
/* End PBXFileReference section */

/* Begin PBXFrameworksBuildPhase section */
		BCE959D923D586F100B2C5FE /* Frameworks */ = {
			isa = PBXFrameworksBuildPhase;
			buildActionMask = 2147483647;
			files = (
				C541301ACC0C500A130B58C4 /* Pods_Demo.framework in Frameworks */,
			);
			runOnlyForDeploymentPostprocessing = 0;
		};
/* End PBXFrameworksBuildPhase section */

/* Begin PBXGroup section */
		7BDFBDDAB0805697C041ACD8 /* Frameworks */ = {
			isa = PBXGroup;
			children = (
				7BD9F5E102E07E8B349FD014 /* Pods_Demo.framework */,
			);
			name = Frameworks;
			sourceTree = "<group>";
		};
		9F98453BA45F2BA28DD842A1 /* Pods */ = {
			isa = PBXGroup;
			children = (
				D2AB62A9A622DDACB7565E53 /* Pods-Demo.debug.xcconfig */,
				5220DC044D7B74046DF467CF /* Pods-Demo.release.xcconfig */,
			);
			path = Pods;
			sourceTree = "<group>";
		};
		BC8FF86123FD302000F003DC /* my */ = {
			isa = PBXGroup;
			children = (
				BC8FF86223FD303D00F003DC /* MyVC.swift */,
			);
			path = my;
			sourceTree = "<group>";
		};
		BC9E19CA23D5961200169DB3 /* root */ = {
			isa = PBXGroup;
			children = (
				BC9E19CB23D5963300169DB3 /* RootTabBarVC.swift */,
			);
			path = root;
			sourceTree = "<group>";
		};
		BC9E19CD23D5964300169DB3 /* home */ = {
			isa = PBXGroup;
			children = (
			);
			path = home;
			sourceTree = "<group>";
		};
		BC9E1AAE23D5A3A400169DB3 /* vcs */ = {
			isa = PBXGroup;
			children = (
				BC8FF86123FD302000F003DC /* my */,
				BC9E1AAF23D5A3AD00169DB3 /* home */,
			);
			path = vcs;
			sourceTree = "<group>";
		};
		BC9E1AAF23D5A3AD00169DB3 /* home */ = {
			isa = PBXGroup;
			children = (
				BC9E1AB323D5A3F100169DB3 /* DMHomeVC.swift */,
				BC9E1ABD23D6BC3800169DB3 /* DMOCVC.h */,
				BC9E1ABE23D6BC3800169DB3 /* DMOCVC.m */,
			);
			path = home;
			sourceTree = "<group>";
		};
		BC9E1AB523D5A51700169DB3 /* res */ = {
			isa = PBXGroup;
			children = (
				BC9E1AB823D5A53C00169DB3 /* RJProjectResorce.swift */,
				BC9E1ABA23D5A7DE00169DB3 /* DMRes.h */,
				BC9E1ABB23D5A7DE00169DB3 /* DMRes.m */,
			);
			path = res;
			sourceTree = "<group>";
		};
		BC9E1B0C23D6C5CE00169DB3 /* KJSupportObjc */ = {
			isa = PBXGroup;
			children = (
				BC9E1B0D23D6C5CE00169DB3 /* KJSupportObjc.h */,
				BC9E1B0E23D6C5CE00169DB3 /* Category */,
				BC9E1B1323D6C5CE00169DB3 /* Other */,
				BC9E1B2223D6C5CF00169DB3 /* outside */,
				BC9E1B2523D6C5CF00169DB3 /* View */,
				BC9E1B3923D6C5CF00169DB3 /* SimpleTableView */,
				BC9E1BA123D6C5CF00169DB3 /* KJSupportObjc.bundle */,
				BC9E1BA223D6C5CF00169DB3 /* FixMode */,
				BC9E1BA523D6C5CF00169DB3 /* Header */,
			);
			path = KJSupportObjc;
			sourceTree = "<group>";
		};
		BC9E1B0E23D6C5CE00169DB3 /* Category */ = {
			isa = PBXGroup;
			children = (
				BC9E1B0F23D6C5CE00169DB3 /* NSObject+WDYHFCategory.m */,
				BC9E1B1023D6C5CE00169DB3 /* UIView+CKJDesingable.h */,
				BC9E1B1123D6C5CE00169DB3 /* NSObject+WDYHFCategory.h */,
				BC9E1B1223D6C5CE00169DB3 /* UIView+CKJDesingable.m */,
			);
			path = Category;
			sourceTree = "<group>";
		};
		BC9E1B1323D6C5CE00169DB3 /* Other */ = {
			isa = PBXGroup;
			children = (
				BC9E1B1423D6C5CE00169DB3 /* FileManagerTool.m */,
				BC9E1B1523D6C5CE00169DB3 /* CKJGlobalHeader.h */,
				BC9E1B1623D6C5CE00169DB3 /* CKJBaseViewController.m */,
				BC9E1B1723D6C5CE00169DB3 /* KJCommonManager.m */,
				BC9E1B1823D6C5CE00169DB3 /* CKJBaseModel.h */,
				BC9E1B1923D6C5CE00169DB3 /* CKJRSA.m */,
				BC9E1B1A23D6C5CE00169DB3 /* LightStorageManager.h */,
				BC9E1B1B23D6C5CF00169DB3 /* CKJGlobalHeader.m */,
				BC9E1B1C23D6C5CF00169DB3 /* FileManagerTool.h */,
				BC9E1B1D23D6C5CF00169DB3 /* KJCommonManager.h */,
				BC9E1B1E23D6C5CF00169DB3 /* CKJBaseViewController.h */,
				BC9E1B1F23D6C5CF00169DB3 /* LightStorageManager.m */,
				BC9E1B2023D6C5CF00169DB3 /* CKJRSA.h */,
				BC9E1B2123D6C5CF00169DB3 /* CKJBaseModel.m */,
			);
			path = Other;
			sourceTree = "<group>";
		};
		BC9E1B2223D6C5CF00169DB3 /* outside */ = {
			isa = PBXGroup;
			children = (
				BC9E1B2323D6C5CF00169DB3 /* CKJProjectConfig.m */,
				BC9E1B2423D6C5CF00169DB3 /* CKJProjectConfig.h */,
			);
			path = outside;
			sourceTree = "<group>";
		};
		BC9E1B2523D6C5CF00169DB3 /* View */ = {
			isa = PBXGroup;
			children = (
				BC9E1B2623D6C5CF00169DB3 /* Picker */,
				BC9E1B2F23D6C5CF00169DB3 /* CKJXBtnsView.m */,
				BC9E1B3023D6C5CF00169DB3 /* CKJTableEmptyView.h */,
				BC9E1B3123D6C5CF00169DB3 /* CKJFiveLabelView.m */,
				BC9E1B3223D6C5CF00169DB3 /* CKJToolbar.m */,
				BC9E1B3323D6C5CF00169DB3 /* CKJPayBottomView.m */,
				BC9E1B3423D6C5CF00169DB3 /* CKJFiveLabelView.h */,
				BC9E1B3523D6C5CF00169DB3 /* CKJTableEmptyView.m */,
				BC9E1B3623D6C5CF00169DB3 /* CKJXBtnsView.h */,
				BC9E1B3723D6C5CF00169DB3 /* CKJPayBottomView.h */,
				BC9E1B3823D6C5CF00169DB3 /* CKJToolbar.h */,
			);
			path = View;
			sourceTree = "<group>";
		};
		BC9E1B2623D6C5CF00169DB3 /* Picker */ = {
			isa = PBXGroup;
			children = (
				BC9E1B2723D6C5CF00169DB3 /* CKJToolView.h */,
				BC9E1B2823D6C5CF00169DB3 /* CKJPickerView.m */,
				BC9E1B2923D6C5CF00169DB3 /* CKJToolPickerView.m */,
				BC9E1B2A23D6C5CF00169DB3 /* CKJDatePickerView.m */,
				BC9E1B2B23D6C5CF00169DB3 /* CKJToolView.m */,
				BC9E1B2C23D6C5CF00169DB3 /* CKJPickerView.h */,
				BC9E1B2D23D6C5CF00169DB3 /* CKJDatePickerView.h */,
				BC9E1B2E23D6C5CF00169DB3 /* CKJToolPickerView.h */,
			);
			path = Picker;
			sourceTree = "<group>";
		};
		BC9E1B3923D6C5CF00169DB3 /* SimpleTableView */ = {
			isa = PBXGroup;
			children = (
				BC9E1B3A23D6C5CF00169DB3 /* CKJSimpleTableView.m */,
				BC9E1B3B23D6C5CF00169DB3 /* support */,
				BC9E1BA023D6C5CF00169DB3 /* CKJSimpleTableView.h */,
			);
			path = SimpleTableView;
			sourceTree = "<group>";
		};
		BC9E1B3B23D6C5CF00169DB3 /* support */ = {
			isa = PBXGroup;
			children = (
				BC9E1B3C23D6C5CF00169DB3 /* other */,
				BC9E1B4123D6C5CF00169DB3 /* protocol */,
				BC9E1B4523D6C5CF00169DB3 /* Controller */,
				BC9E1B4823D6C5CF00169DB3 /* Model */,
				BC9E1B5523D6C5CF00169DB3 /* View */,
			);
			path = support;
			sourceTree = "<group>";
		};
		BC9E1B3C23D6C5CF00169DB3 /* other */ = {
			isa = PBXGroup;
			children = (
				BC9E1B3D23D6C5CF00169DB3 /* CKJButton.m */,
				BC9E1B3E23D6C5CF00169DB3 /* CKJWorker.m */,
				BC9E1B3F23D6C5CF00169DB3 /* CKJButton.h */,
				BC9E1B4023D6C5CF00169DB3 /* CKJWorker.h */,
			);
			path = other;
			sourceTree = "<group>";
		};
		BC9E1B4123D6C5CF00169DB3 /* protocol */ = {
			isa = PBXGroup;
			children = (
				BC9E1B4223D6C5CF00169DB3 /* CKJSimpleTableViewDelegate.h */,
				BC9E1B4323D6C5CF00169DB3 /* CKJCombineCellProtocol.h */,
				BC9E1B4423D6C5CF00169DB3 /* CKJSimpleTableViewDataSource.h */,
			);
			path = protocol;
			sourceTree = "<group>";
		};
		BC9E1B4523D6C5CF00169DB3 /* Controller */ = {
			isa = PBXGroup;
			children = (
				BC9E1B4623D6C5CF00169DB3 /* CKJBaseTableVC.h */,
				BC9E1B4723D6C5CF00169DB3 /* CKJBaseTableVC.m */,
			);
			path = Controller;
			sourceTree = "<group>";
		};
		BC9E1B4823D6C5CF00169DB3 /* Model */ = {
			isa = PBXGroup;
			children = (
				BC9E1B4923D6C5CF00169DB3 /* CKJInputData.h */,
				BC9E1B4A23D6C5CF00169DB3 /* CKJSimpleBaseModel.h */,
				BC9E1B4B23D6C5CF00169DB3 /* CKJCommonSectionModel.m */,
				BC9E1B4C23D6C5CF00169DB3 /* CKJCommonCellModel.m */,
				BC9E1B4D23D6C5CF00169DB3 /* CKJSimpleTableViewStyle.h */,
				BC9E1B4E23D6C5CF00169DB3 /* CKJCommonHeaderFooterModel.h */,
				BC9E1B4F23D6C5CF00169DB3 /* CKJInputData.m */,
				BC9E1B5023D6C5CF00169DB3 /* CKJCommonSectionModel.h */,
				BC9E1B5123D6C5CF00169DB3 /* CKJSimpleBaseModel.m */,
				BC9E1B5223D6C5CF00169DB3 /* CKJCommonHeaderFooterModel.m */,
				BC9E1B5323D6C5CF00169DB3 /* CKJSimpleTableViewStyle.m */,
				BC9E1B5423D6C5CF00169DB3 /* CKJCommonCellModel.h */,
			);
			path = Model;
			sourceTree = "<group>";
		};
		BC9E1B5523D6C5CF00169DB3 /* View */ = {
			isa = PBXGroup;
			children = (
				BC9E1B5623D6C5CF00169DB3 /* Demo */,
				BC9E1B5A23D6C5CF00169DB3 /* Cell */,
				BC9E1B9923D6C5CF00169DB3 /* HeaderFooter */,
			);
			path = View;
			sourceTree = "<group>";
		};
		BC9E1B5623D6C5CF00169DB3 /* Demo */ = {
			isa = PBXGroup;
			children = (
				BC9E1B5723D6C5CF00169DB3 /* CKJDemoCell.m */,
				BC9E1B5823D6C5CF00169DB3 /* CKJDemoCell.xib */,
				BC9E1B5923D6C5CF00169DB3 /* CKJDemoCell.h */,
			);
			path = Demo;
			sourceTree = "<group>";
		};
		BC9E1B5A23D6C5CF00169DB3 /* Cell */ = {
			isa = PBXGroup;
			children = (
				BC9E1B5B23D6C5CF00169DB3 /* OtherCell */,
				BC9E1B6623D6C5CF00169DB3 /* 0 */,
				BC9E1B6923D6C5CF00169DB3 /* 1 */,
				BC9E1B7223D6C5CF00169DB3 /* Private */,
				BC9E1B8523D6C5CF00169DB3 /* 4 */,
				BC9E1B8A23D6C5CF00169DB3 /* 3 */,
				BC9E1B9123D6C5CF00169DB3 /* 2 */,
				BC9E1B9623D6C5CF00169DB3 /* 5 */,
			);
			path = Cell;
			sourceTree = "<group>";
		};
		BC9E1B5B23D6C5CF00169DB3 /* OtherCell */ = {
			isa = PBXGroup;
			children = (
				BC9E1B5C23D6C5CF00169DB3 /* CKJImageViewCell.h */,
				BC9E1B5D23D6C5CF00169DB3 /* CKJEmptyHeaderFooterCell.m */,
				BC9E1B5E23D6C5CF00169DB3 /* CKJOneBtnCell.m */,
				BC9E1B5F23D6C5CF00169DB3 /* CKJEmptyCell.m */,
				BC9E1B6023D6C5CF00169DB3 /* CKJLikeQRCell.m */,
				BC9E1B6123D6C5CF00169DB3 /* CKJImageViewCell.m */,
				BC9E1B6223D6C5CF00169DB3 /* CKJOneBtnCell.h */,
				BC9E1B6323D6C5CF00169DB3 /* CKJEmptyHeaderFooterCell.h */,
				BC9E1B6423D6C5CF00169DB3 /* CKJLikeQRCell.h */,
				BC9E1B6523D6C5CF00169DB3 /* CKJEmptyCell.h */,
			);
			path = OtherCell;
			sourceTree = "<group>";
		};
		BC9E1B6623D6C5CF00169DB3 /* 0 */ = {
			isa = PBXGroup;
			children = (
				BC9E1B6723D6C5CF00169DB3 /* CKJGeneralCell.m */,
				BC9E1B6823D6C5CF00169DB3 /* CKJGeneralCell.h */,
			);
			path = 0;
			sourceTree = "<group>";
		};
		BC9E1B6923D6C5CF00169DB3 /* 1 */ = {
			isa = PBXGroup;
			children = (
				BC9E1B6A23D6C5CF00169DB3 /* CKJTableViewCell1.m */,
				BC9E1B6B23D6C5CF00169DB3 /* CKJTableViewCell2.m */,
				BC9E1B6C23D6C5CF00169DB3 /* CKJLeftRightCenterEqualCell.h */,
				BC9E1B6D23D6C5CF00169DB3 /* CKJLeftRightTopEqualCell.h */,
				BC9E1B6E23D6C5CF00169DB3 /* CKJTableViewCell1.h */,
				BC9E1B6F23D6C5CF00169DB3 /* CKJTableViewCell2.h */,
				BC9E1B7023D6C5CF00169DB3 /* CKJLeftRightTopEqualCell.m */,
				BC9E1B7123D6C5CF00169DB3 /* CKJLeftRightCenterEqualCell.m */,
			);
			path = 1;
			sourceTree = "<group>";
		};
		BC9E1B7223D6C5CF00169DB3 /* Private */ = {
			isa = PBXGroup;
			children = (
				BC9E1B7323D6C5CF00169DB3 /* CKJStackCell.m */,
				BC9E1B7423D6C5CF00169DB3 /* CKJBaseBtnsCell.h */,
				BC9E1B7523D6C5CF00169DB3 /* CKJBaseLeftRightCell.m */,
				BC9E1B7623D6C5CF00169DB3 /* CKJChooseHelper.h */,
				BC9E1B7723D6C5CF00169DB3 /* CKJBaseTableViewCell.m */,
				BC9E1B7823D6C5CF00169DB3 /* CKJBaseImageLeftRightCell.h */,
				BC9E1B7923D6C5CF00169DB3 /* CKJInputCustomSuperCell.m */,
				BC9E1B7A23D6C5CF00169DB3 /* CKJLibraryHelper.m */,
				BC9E1B7B23D6C5CF00169DB3 /* CKJCommonTableViewCell.h */,
				BC9E1B7C23D6C5CF00169DB3 /* CKJBaseLeftRightCell.h */,
				BC9E1B7D23D6C5CF00169DB3 /* CKJBaseBtnsCell.m */,
				BC9E1B7E23D6C5CF00169DB3 /* CKJStackCell.h */,
				BC9E1B7F23D6C5CF00169DB3 /* CKJBaseImageLeftRightCell.m */,
				BC9E1B8023D6C5CF00169DB3 /* CKJBaseTableViewCell.h */,
				BC9E1B8123D6C5CF00169DB3 /* CKJChooseHelper.m */,
				BC9E1B8223D6C5CF00169DB3 /* CKJInputCustomSuperCell.h */,
				BC9E1B8323D6C5CF00169DB3 /* CKJCommonTableViewCell.m */,
				BC9E1B8423D6C5CF00169DB3 /* CKJLibraryHelper.h */,
			);
			path = Private;
			sourceTree = "<group>";
		};
		BC9E1B8523D6C5CF00169DB3 /* 4 */ = {
			isa = PBXGroup;
			children = (
				BC9E1B8623D6C5CF00169DB3 /* CKJBtnsCell2.m */,
				BC9E1B8723D6C5CF00169DB3 /* CKJBtnsCell1.m */,
				BC9E1B8823D6C5CF00169DB3 /* CKJBtnsCell2.h */,
				BC9E1B8923D6C5CF00169DB3 /* CKJBtnsCell1.h */,
			);
			path = 4;
			sourceTree = "<group>";
		};
		BC9E1B8A23D6C5CF00169DB3 /* 3 */ = {
			isa = PBXGroup;
			children = (
				BC9E1B8B23D6C5CF00169DB3 /* CKJPayCell.h */,
				BC9E1B8C23D6C5CF00169DB3 /* CKJImageLeftCell.m */,
				BC9E1B8D23D6C5CF00169DB3 /* CKJImageRightCell.m */,
				BC9E1B8E23D6C5CF00169DB3 /* CKJImageRightCell.h */,
				BC9E1B8F23D6C5CF00169DB3 /* CKJImageLeftCell.h */,
				BC9E1B9023D6C5CF00169DB3 /* CKJPayCell.m */,
			);
			path = 3;
			sourceTree = "<group>";
		};
		BC9E1B9123D6C5CF00169DB3 /* 2 */ = {
			isa = PBXGroup;
			children = (
				BC9E1B9223D6C5CF00169DB3 /* CKJInputCell.h */,
				BC9E1B9323D6C5CF00169DB3 /* CKJCell.h */,
				BC9E1B9423D6C5CF00169DB3 /* CKJInputCell.m */,
				BC9E1B9523D6C5CF00169DB3 /* CKJCell.m */,
			);
			path = 2;
			sourceTree = "<group>";
		};
		BC9E1B9623D6C5CF00169DB3 /* 5 */ = {
			isa = PBXGroup;
			children = (
				BC9E1B9723D6C5CF00169DB3 /* CKJScrollViewCell.h */,
				BC9E1B9823D6C5CF00169DB3 /* CKJScrollViewCell.m */,
			);
			path = 5;
			sourceTree = "<group>";
		};
		BC9E1B9923D6C5CF00169DB3 /* HeaderFooter */ = {
			isa = PBXGroup;
			children = (
				BC9E1B9A23D6C5CF00169DB3 /* CKJTableViewHeaderFooterEmptyView.m */,
				BC9E1B9B23D6C5CF00169DB3 /* CKJCommonTableViewHeaderFooterView.h */,
				BC9E1B9C23D6C5CF00169DB3 /* CKJTitleStyleHeaderFooterView.h */,
				BC9E1B9D23D6C5CF00169DB3 /* CKJCommonTableViewHeaderFooterView.m */,
				BC9E1B9E23D6C5CF00169DB3 /* CKJTableViewHeaderFooterEmptyView.h */,
				BC9E1B9F23D6C5CF00169DB3 /* CKJTitleStyleHeaderFooterView.m */,
			);
			path = HeaderFooter;
			sourceTree = "<group>";
		};
		BC9E1BA223D6C5CF00169DB3 /* FixMode */ = {
			isa = PBXGroup;
			children = (
				BC9E1BA323D6C5CF00169DB3 /* CKJFixMode.m */,
				BC9E1BA423D6C5CF00169DB3 /* CKJFixMode.h */,
			);
			path = FixMode;
			sourceTree = "<group>";
		};
		BC9E1BA523D6C5CF00169DB3 /* Header */ = {
			isa = PBXGroup;
			children = (
				BC9E1BA623D6C5CF00169DB3 /* KJSupportHeader.m */,
				BC9E1BA723D6C5CF00169DB3 /* KJSupportHeader.h */,
			);
			path = Header;
			sourceTree = "<group>";
		};
		BCE959D323D586F100B2C5FE = {
			isa = PBXGroup;
			children = (
				BCE959DE23D586F100B2C5FE /* Demo */,
				BCE959DD23D586F100B2C5FE /* Products */,
				9F98453BA45F2BA28DD842A1 /* Pods */,
				7BDFBDDAB0805697C041ACD8 /* Frameworks */,
			);
			sourceTree = "<group>";
		};
		BCE959DD23D586F100B2C5FE /* Products */ = {
			isa = PBXGroup;
			children = (
				BCE959DC23D586F100B2C5FE /* Demo.app */,
			);
			name = Products;
			sourceTree = "<group>";
		};
		BCE959DE23D586F100B2C5FE /* Demo */ = {
			isa = PBXGroup;
			children = (
				BC9E1B0C23D6C5CE00169DB3 /* KJSupportObjc */,
				BCE959DF23D586F100B2C5FE /* AppDelegate.swift */,
				BCE959E123D586F100B2C5FE /* SceneDelegate.swift */,
				BC9E1AB523D5A51700169DB3 /* res */,
				BC9E1AAE23D5A3A400169DB3 /* vcs */,
				BC9E19CA23D5961200169DB3 /* root */,
				BCE959E323D586F100B2C5FE /* ViewController.swift */,
				BC9E19CD23D5964300169DB3 /* home */,
				BCE959E523D586F100B2C5FE /* Main.storyboard */,
				BCE959E823D586F200B2C5FE /* Assets.xcassets */,
				BCE959EA23D586F200B2C5FE /* LaunchScreen.storyboard */,
				BC9E1AAD23D5A05C00169DB3 /* SOBridge.h */,
				BCE959ED23D586F200B2C5FE /* Info.plist */,
			);
			path = Demo;
			sourceTree = "<group>";
		};
/* End PBXGroup section */

/* Begin PBXNativeTarget section */
		BCE959DB23D586F100B2C5FE /* Demo */ = {
			isa = PBXNativeTarget;
			buildConfigurationList = BCE959F023D586F200B2C5FE /* Build configuration list for PBXNativeTarget "Demo" */;
			buildPhases = (
				3B581DD5CCBD1702CD0D6372 /* [CP] Check Pods Manifest.lock */,
				BCE959D823D586F100B2C5FE /* Sources */,
				BCE959D923D586F100B2C5FE /* Frameworks */,
				BCE959DA23D586F100B2C5FE /* Resources */,
				BBBFE52DAB5138A50743A9EA /* [CP] Embed Pods Frameworks */,
			);
			buildRules = (
			);
			dependencies = (
			);
			name = Demo;
			productName = Demo;
			productReference = BCE959DC23D586F100B2C5FE /* Demo.app */;
			productType = "com.apple.product-type.application";
		};
/* End PBXNativeTarget section */

/* Begin PBXProject section */
		BCE959D423D586F100B2C5FE /* Project object */ = {
			isa = PBXProject;
			attributes = {
				CLASSPREFIX = DM;
				LastSwiftUpdateCheck = 1130;
				LastUpgradeCheck = 1130;
				ORGANIZATIONNAME = admin2;
				TargetAttributes = {
					BCE959DB23D586F100B2C5FE = {
						CreatedOnToolsVersion = 11.3;
					};
				};
			};
			buildConfigurationList = BCE959D723D586F100B2C5FE /* Build configuration list for PBXProject "Demo" */;
			compatibilityVersion = "Xcode 9.3";
			developmentRegion = en;
			hasScannedForEncodings = 0;
			knownRegions = (
				en,
				Base,
			);
			mainGroup = BCE959D323D586F100B2C5FE;
			productRefGroup = BCE959DD23D586F100B2C5FE /* Products */;
			projectDirPath = "";
			projectRoot = "";
			targets = (
				BCE959DB23D586F100B2C5FE /* Demo */,
			);
		};
/* End PBXProject section */

/* Begin PBXResourcesBuildPhase section */
		BCE959DA23D586F100B2C5FE /* Resources */ = {
			isa = PBXResourcesBuildPhase;
			buildActionMask = 2147483647;
			files = (
				BCE959EC23D586F200B2C5FE /* LaunchScreen.storyboard in Resources */,
				BC9E1BE523D6C5CF00169DB3 /* KJSupportObjc.bundle in Resources */,
				BC9E1BC623D6C5CF00169DB3 /* CKJDemoCell.xib in Resources */,
				BCE959E923D586F200B2C5FE /* Assets.xcassets in Resources */,
				BCE959E723D586F100B2C5FE /* Main.storyboard in Resources */,
			);
			runOnlyForDeploymentPostprocessing = 0;
		};
/* End PBXResourcesBuildPhase section */

/* Begin PBXShellScriptBuildPhase section */
		3B581DD5CCBD1702CD0D6372 /* [CP] Check Pods Manifest.lock */ = {
			isa = PBXShellScriptBuildPhase;
			buildActionMask = 2147483647;
			files = (
			);
			inputFileListPaths = (
			);
			inputPaths = (
				"${PODS_PODFILE_DIR_PATH}/Podfile.lock",
				"${PODS_ROOT}/Manifest.lock",
			);
			name = "[CP] Check Pods Manifest.lock";
			outputFileListPaths = (
			);
			outputPaths = (
				"$(DERIVED_FILE_DIR)/Pods-Demo-checkManifestLockResult.txt",
			);
			runOnlyForDeploymentPostprocessing = 0;
			shellPath = /bin/sh;
			shellScript = "diff \"${PODS_PODFILE_DIR_PATH}/Podfile.lock\" \"${PODS_ROOT}/Manifest.lock\" > /dev/null\nif [ $? != 0 ] ; then\n    # print error to STDERR\n    echo \"error: The sandbox is not in sync with the Podfile.lock. Run 'pod install' or update your CocoaPods installation.\" >&2\n    exit 1\nfi\n# This output is used by Xcode 'outputs' to avoid re-running this script phase.\necho \"SUCCESS\" > \"${SCRIPT_OUTPUT_FILE_0}\"\n";
			showEnvVarsInLog = 0;
		};
		BBBFE52DAB5138A50743A9EA /* [CP] Embed Pods Frameworks */ = {
			isa = PBXShellScriptBuildPhase;
			buildActionMask = 2147483647;
			files = (
			);
			inputFileListPaths = (
				"${PODS_ROOT}/Target Support Files/Pods-Demo/Pods-Demo-frameworks-${CONFIGURATION}-input-files.xcfilelist",
			);
			name = "[CP] Embed Pods Frameworks";
			outputFileListPaths = (
				"${PODS_ROOT}/Target Support Files/Pods-Demo/Pods-Demo-frameworks-${CONFIGURATION}-output-files.xcfilelist",
			);
			runOnlyForDeploymentPostprocessing = 0;
			shellPath = /bin/sh;
			shellScript = "\"${PODS_ROOT}/Target Support Files/Pods-Demo/Pods-Demo-frameworks.sh\"\n";
			showEnvVarsInLog = 0;
		};
/* End PBXShellScriptBuildPhase section */

/* Begin PBXSourcesBuildPhase section */
		BCE959D823D586F100B2C5FE /* Sources */ = {
			isa = PBXSourcesBuildPhase;
			buildActionMask = 2147483647;
			files = (
				BC9E1BE423D6C5CF00169DB3 /* CKJTitleStyleHeaderFooterView.m in Sources */,
				BC9E1BAC23D6C5CF00169DB3 /* KJCommonManager.m in Sources */,
				BC9E1BCE23D6C5CF00169DB3 /* CKJTableViewCell2.m in Sources */,
				BC9E1BD423D6C5CF00169DB3 /* CKJInputCustomSuperCell.m in Sources */,
				BC9E1BD023D6C5CF00169DB3 /* CKJLeftRightCenterEqualCell.m in Sources */,
				BC9E1BCD23D6C5CF00169DB3 /* CKJTableViewCell1.m in Sources */,
				BC9E1BC223D6C5CF00169DB3 /* CKJSimpleBaseModel.m in Sources */,
				BC9E1BD523D6C5CF00169DB3 /* CKJLibraryHelper.m in Sources */,
				BC9E1BDC23D6C5CF00169DB3 /* CKJImageLeftCell.m in Sources */,
				BC9E1BC123D6C5CF00169DB3 /* CKJInputData.m in Sources */,
				BC9E1BB423D6C5CF00169DB3 /* CKJDatePickerView.m in Sources */,
				BC9E1BBC23D6C5CF00169DB3 /* CKJButton.m in Sources */,
				BC9E1ABF23D6BC3800169DB3 /* DMOCVC.m in Sources */,
				BC9E1BDF23D6C5CF00169DB3 /* CKJInputCell.m in Sources */,
				BC9E1AB923D5A53C00169DB3 /* RJProjectResorce.swift in Sources */,
				BCE959E423D586F100B2C5FE /* ViewController.swift in Sources */,
				BCE959E023D586F100B2C5FE /* AppDelegate.swift in Sources */,
				BC9E1BB223D6C5CF00169DB3 /* CKJPickerView.m in Sources */,
				BC9E1ABC23D5A7DE00169DB3 /* DMRes.m in Sources */,
				BC9E1BDA23D6C5CF00169DB3 /* CKJBtnsCell2.m in Sources */,
				BC9E1AB423D5A3F100169DB3 /* DMHomeVC.swift in Sources */,
				BC9E1BB923D6C5CF00169DB3 /* CKJPayBottomView.m in Sources */,
				BC9E1BC423D6C5CF00169DB3 /* CKJSimpleTableViewStyle.m in Sources */,
				BC9E19CC23D5963300169DB3 /* RootTabBarVC.swift in Sources */,
				BC9E1BB723D6C5CF00169DB3 /* CKJFiveLabelView.m in Sources */,
				BC9E1BD823D6C5CF00169DB3 /* CKJChooseHelper.m in Sources */,
				BC9E1BCA23D6C5CF00169DB3 /* CKJLikeQRCell.m in Sources */,
				BC9E1BC823D6C5CF00169DB3 /* CKJOneBtnCell.m in Sources */,
				BC9E1BC923D6C5CF00169DB3 /* CKJEmptyCell.m in Sources */,
				BC9E1BB323D6C5CF00169DB3 /* CKJToolPickerView.m in Sources */,
				BC9E1BB023D6C5CF00169DB3 /* CKJBaseModel.m in Sources */,
				BC9E1BC323D6C5CF00169DB3 /* CKJCommonHeaderFooterModel.m in Sources */,
				BC9E1BD223D6C5CF00169DB3 /* CKJBaseLeftRightCell.m in Sources */,
				BC9E1BE123D6C5CF00169DB3 /* CKJScrollViewCell.m in Sources */,
				BC9E1BAF23D6C5CF00169DB3 /* LightStorageManager.m in Sources */,
				BC9E1BE723D6C5CF00169DB3 /* KJSupportHeader.m in Sources */,
				BC9E1BB123D6C5CF00169DB3 /* CKJProjectConfig.m in Sources */,
				BC9E1BB623D6C5CF00169DB3 /* CKJXBtnsView.m in Sources */,
				BC9E1BDD23D6C5CF00169DB3 /* CKJImageRightCell.m in Sources */,
				BC8FF86323FD303D00F003DC /* MyVC.swift in Sources */,
				BC9E1BDE23D6C5CF00169DB3 /* CKJPayCell.m in Sources */,
				BC9E1BCC23D6C5CF00169DB3 /* CKJGeneralCell.m in Sources */,
				BC9E1BD623D6C5CF00169DB3 /* CKJBaseBtnsCell.m in Sources */,
				BC9E1BA823D6C5CF00169DB3 /* NSObject+WDYHFCategory.m in Sources */,
				BC9E1BE223D6C5CF00169DB3 /* CKJTableViewHeaderFooterEmptyView.m in Sources */,
				BC9E1BCF23D6C5CF00169DB3 /* CKJLeftRightTopEqualCell.m in Sources */,
				BC9E1BAB23D6C5CF00169DB3 /* CKJBaseViewController.m in Sources */,
				BC9E1BBA23D6C5CF00169DB3 /* CKJTableEmptyView.m in Sources */,
				BC9E1BBB23D6C5CF00169DB3 /* CKJSimpleTableView.m in Sources */,
				BC9E1BD123D6C5CF00169DB3 /* CKJStackCell.m in Sources */,
				BC9E1BC023D6C5CF00169DB3 /* CKJCommonCellModel.m in Sources */,
				BC9E1BBE23D6C5CF00169DB3 /* CKJBaseTableVC.m in Sources */,
				BC9E1BE323D6C5CF00169DB3 /* CKJCommonTableViewHeaderFooterView.m in Sources */,
				BC9E1BC723D6C5CF00169DB3 /* CKJEmptyHeaderFooterCell.m in Sources */,
				BCE959E223D586F100B2C5FE /* SceneDelegate.swift in Sources */,
				BC9E1BE623D6C5CF00169DB3 /* CKJFixMode.m in Sources */,
				BC9E1BC523D6C5CF00169DB3 /* CKJDemoCell.m in Sources */,
				BC9E1BB823D6C5CF00169DB3 /* CKJToolbar.m in Sources */,
				BC9E1BCB23D6C5CF00169DB3 /* CKJImageViewCell.m in Sources */,
				BC9E1BBF23D6C5CF00169DB3 /* CKJCommonSectionModel.m in Sources */,
				BC9E1BDB23D6C5CF00169DB3 /* CKJBtnsCell1.m in Sources */,
				BC9E1BAE23D6C5CF00169DB3 /* CKJGlobalHeader.m in Sources */,
				BC9E1BD923D6C5CF00169DB3 /* CKJCommonTableViewCell.m in Sources */,
				BC9E1BD323D6C5CF00169DB3 /* CKJBaseTableViewCell.m in Sources */,
				BC9E1BAD23D6C5CF00169DB3 /* CKJRSA.m in Sources */,
				BC9E1BBD23D6C5CF00169DB3 /* CKJWorker.m in Sources */,
				BC9E1BD723D6C5CF00169DB3 /* CKJBaseImageLeftRightCell.m in Sources */,
				BC9E1BE023D6C5CF00169DB3 /* CKJCell.m in Sources */,
				BC9E1BB523D6C5CF00169DB3 /* CKJToolView.m in Sources */,
				BC9E1BA923D6C5CF00169DB3 /* UIView+CKJDesingable.m in Sources */,
				BC9E1BAA23D6C5CF00169DB3 /* FileManagerTool.m in Sources */,
			);
			runOnlyForDeploymentPostprocessing = 0;
		};
/* End PBXSourcesBuildPhase section */

/* Begin PBXVariantGroup section */
		BCE959E523D586F100B2C5FE /* Main.storyboard */ = {
			isa = PBXVariantGroup;
			children = (
				BCE959E623D586F100B2C5FE /* Base */,
			);
			name = Main.storyboard;
			sourceTree = "<group>";
		};
		BCE959EA23D586F200B2C5FE /* LaunchScreen.storyboard */ = {
			isa = PBXVariantGroup;
			children = (
				BCE959EB23D586F200B2C5FE /* Base */,
			);
			name = LaunchScreen.storyboard;
			sourceTree = "<group>";
		};
/* End PBXVariantGroup section */

/* Begin XCBuildConfiguration section */
		BCE959EE23D586F200B2C5FE /* Debug */ = {
			isa = XCBuildConfiguration;
			buildSettings = {
				ALWAYS_SEARCH_USER_PATHS = NO;
				CLANG_ANALYZER_NONNULL = YES;
				CLANG_ANALYZER_NUMBER_OBJECT_CONVERSION = YES_AGGRESSIVE;
				CLANG_CXX_LANGUAGE_STANDARD = "gnu++14";
				CLANG_CXX_LIBRARY = "libc++";
				CLANG_ENABLE_MODULES = YES;
				CLANG_ENABLE_OBJC_ARC = YES;
				CLANG_ENABLE_OBJC_WEAK = YES;
				CLANG_WARN_BLOCK_CAPTURE_AUTORELEASING = YES;
				CLANG_WARN_BOOL_CONVERSION = YES;
				CLANG_WARN_COMMA = YES;
				CLANG_WARN_CONSTANT_CONVERSION = YES;
				CLANG_WARN_DEPRECATED_OBJC_IMPLEMENTATIONS = YES;
				CLANG_WARN_DIRECT_OBJC_ISA_USAGE = YES_ERROR;
				CLANG_WARN_DOCUMENTATION_COMMENTS = YES;
				CLANG_WARN_EMPTY_BODY = YES;
				CLANG_WARN_ENUM_CONVERSION = YES;
				CLANG_WARN_INFINITE_RECURSION = YES;
				CLANG_WARN_INT_CONVERSION = YES;
				CLANG_WARN_NON_LITERAL_NULL_CONVERSION = YES;
				CLANG_WARN_OBJC_IMPLICIT_RETAIN_SELF = YES;
				CLANG_WARN_OBJC_LITERAL_CONVERSION = YES;
				CLANG_WARN_OBJC_ROOT_CLASS = YES_ERROR;
				CLANG_WARN_RANGE_LOOP_ANALYSIS = YES;
				CLANG_WARN_STRICT_PROTOTYPES = YES;
				CLANG_WARN_SUSPICIOUS_MOVE = YES;
				CLANG_WARN_UNGUARDED_AVAILABILITY = YES_AGGRESSIVE;
				CLANG_WARN_UNREACHABLE_CODE = YES;
				CLANG_WARN__DUPLICATE_METHOD_MATCH = YES;
				COPY_PHASE_STRIP = NO;
				DEBUG_INFORMATION_FORMAT = dwarf;
				ENABLE_STRICT_OBJC_MSGSEND = YES;
				ENABLE_TESTABILITY = YES;
				GCC_C_LANGUAGE_STANDARD = gnu11;
				GCC_DYNAMIC_NO_PIC = NO;
				GCC_NO_COMMON_BLOCKS = YES;
				GCC_OPTIMIZATION_LEVEL = 0;
				GCC_PREPROCESSOR_DEFINITIONS = (
					"DEBUG=1",
					"$(inherited)",
				);
				GCC_WARN_64_TO_32_BIT_CONVERSION = YES;
				GCC_WARN_ABOUT_RETURN_TYPE = YES_ERROR;
				GCC_WARN_UNDECLARED_SELECTOR = YES;
				GCC_WARN_UNINITIALIZED_AUTOS = YES_AGGRESSIVE;
				GCC_WARN_UNUSED_FUNCTION = YES;
				GCC_WARN_UNUSED_VARIABLE = YES;
				IPHONEOS_DEPLOYMENT_TARGET = 13.2;
				MTL_ENABLE_DEBUG_INFO = INCLUDE_SOURCE;
				MTL_FAST_MATH = YES;
				ONLY_ACTIVE_ARCH = YES;
				SDKROOT = iphoneos;
				SWIFT_ACTIVE_COMPILATION_CONDITIONS = DEBUG;
				SWIFT_OPTIMIZATION_LEVEL = "-Onone";
			};
			name = Debug;
		};
		BCE959EF23D586F200B2C5FE /* Release */ = {
			isa = XCBuildConfiguration;
			buildSettings = {
				ALWAYS_SEARCH_USER_PATHS = NO;
				CLANG_ANALYZER_NONNULL = YES;
				CLANG_ANALYZER_NUMBER_OBJECT_CONVERSION = YES_AGGRESSIVE;
				CLANG_CXX_LANGUAGE_STANDARD = "gnu++14";
				CLANG_CXX_LIBRARY = "libc++";
				CLANG_ENABLE_MODULES = YES;
				CLANG_ENABLE_OBJC_ARC = YES;
				CLANG_ENABLE_OBJC_WEAK = YES;
				CLANG_WARN_BLOCK_CAPTURE_AUTORELEASING = YES;
				CLANG_WARN_BOOL_CONVERSION = YES;
				CLANG_WARN_COMMA = YES;
				CLANG_WARN_CONSTANT_CONVERSION = YES;
				CLANG_WARN_DEPRECATED_OBJC_IMPLEMENTATIONS = YES;
				CLANG_WARN_DIRECT_OBJC_ISA_USAGE = YES_ERROR;
				CLANG_WARN_DOCUMENTATION_COMMENTS = YES;
				CLANG_WARN_EMPTY_BODY = YES;
				CLANG_WARN_ENUM_CONVERSION = YES;
				CLANG_WARN_INFINITE_RECURSION = YES;
				CLANG_WARN_INT_CONVERSION = YES;
				CLANG_WARN_NON_LITERAL_NULL_CONVERSION = YES;
				CLANG_WARN_OBJC_IMPLICIT_RETAIN_SELF = YES;
				CLANG_WARN_OBJC_LITERAL_CONVERSION = YES;
				CLANG_WARN_OBJC_ROOT_CLASS = YES_ERROR;
				CLANG_WARN_RANGE_LOOP_ANALYSIS = YES;
				CLANG_WARN_STRICT_PROTOTYPES = YES;
				CLANG_WARN_SUSPICIOUS_MOVE = YES;
				CLANG_WARN_UNGUARDED_AVAILABILITY = YES_AGGRESSIVE;
				CLANG_WARN_UNREACHABLE_CODE = YES;
				CLANG_WARN__DUPLICATE_METHOD_MATCH = YES;
				COPY_PHASE_STRIP = NO;
				DEBUG_INFORMATION_FORMAT = "dwarf-with-dsym";
				ENABLE_NS_ASSERTIONS = NO;
				ENABLE_STRICT_OBJC_MSGSEND = YES;
				GCC_C_LANGUAGE_STANDARD = gnu11;
				GCC_NO_COMMON_BLOCKS = YES;
				GCC_WARN_64_TO_32_BIT_CONVERSION = YES;
				GCC_WARN_ABOUT_RETURN_TYPE = YES_ERROR;
				GCC_WARN_UNDECLARED_SELECTOR = YES;
				GCC_WARN_UNINITIALIZED_AUTOS = YES_AGGRESSIVE;
				GCC_WARN_UNUSED_FUNCTION = YES;
				GCC_WARN_UNUSED_VARIABLE = YES;
				IPHONEOS_DEPLOYMENT_TARGET = 13.2;
				MTL_ENABLE_DEBUG_INFO = NO;
				MTL_FAST_MATH = YES;
				SDKROOT = iphoneos;
				SWIFT_COMPILATION_MODE = wholemodule;
				SWIFT_OPTIMIZATION_LEVEL = "-O";
				VALIDATE_PRODUCT = YES;
			};
			name = Release;
		};
		BCE959F123D586F200B2C5FE /* Debug */ = {
			isa = XCBuildConfiguration;
			baseConfigurationReference = D2AB62A9A622DDACB7565E53 /* Pods-Demo.debug.xcconfig */;
			buildSettings = {
				ASSETCATALOG_COMPILER_APPICON_NAME = AppIcon;
				CODE_SIGN_IDENTITY = "iPhone Developer";
				CODE_SIGN_STYLE = Manual;
				DEVELOPMENT_TEAM = THF4STH3A6;
				INFOPLIST_FILE = Demo/Info.plist;
				IPHONEOS_DEPLOYMENT_TARGET = 11.0;
				LD_RUNPATH_SEARCH_PATHS = (
					"$(inherited)",
					"@executable_path/Frameworks",
				);
				PRODUCT_BUNDLE_IDENTIFIER = mobi.wonders.apps.ios.healthycity.dongying;
				PRODUCT_NAME = "$(TARGET_NAME)";
				PROVISIONING_PROFILE_SPECIFIER = HealthyCityDongYing_Development;
				SWIFT_OBJC_BRIDGING_HEADER = "$(SRCROOT)/Demo/SOBridge.h";
				SWIFT_VERSION = 5.0;
				TARGETED_DEVICE_FAMILY = "1,2";
			};
			name = Debug;
		};
		BCE959F223D586F200B2C5FE /* Release */ = {
			isa = XCBuildConfiguration;
			baseConfigurationReference = 5220DC044D7B74046DF467CF /* Pods-Demo.release.xcconfig */;
			buildSettings = {
				ASSETCATALOG_COMPILER_APPICON_NAME = AppIcon;
				CODE_SIGN_IDENTITY = "iPhone Developer";
				CODE_SIGN_STYLE = Manual;
				DEVELOPMENT_TEAM = THF4STH3A6;
				INFOPLIST_FILE = Demo/Info.plist;
				IPHONEOS_DEPLOYMENT_TARGET = 11.0;
				LD_RUNPATH_SEARCH_PATHS = (
					"$(inherited)",
					"@executable_path/Frameworks",
				);
				PRODUCT_BUNDLE_IDENTIFIER = mobi.wonders.apps.ios.healthycity.dongying;
				PRODUCT_NAME = "$(TARGET_NAME)";
				PROVISIONING_PROFILE_SPECIFIER = HealthyCityDongYing_Development;
				SWIFT_OBJC_BRIDGING_HEADER = "$(SRCROOT)/Demo/SOBridge.h";
				SWIFT_VERSION = 5.0;
				TARGETED_DEVICE_FAMILY = "1,2";
			};
			name = Release;
		};
/* End XCBuildConfiguration section */

/* Begin XCConfigurationList section */
		BCE959D723D586F100B2C5FE /* Build configuration list for PBXProject "Demo" */ = {
			isa = XCConfigurationList;
			buildConfigurations = (
				BCE959EE23D586F200B2C5FE /* Debug */,
				BCE959EF23D586F200B2C5FE /* Release */,
			);
			defaultConfigurationIsVisible = 0;
			defaultConfigurationName = Release;
		};
		BCE959F023D586F200B2C5FE /* Build configuration list for PBXNativeTarget "Demo" */ = {
			isa = XCConfigurationList;
			buildConfigurations = (
				BCE959F123D586F200B2C5FE /* Debug */,
				BCE959F223D586F200B2C5FE /* Release */,
			);
			defaultConfigurationIsVisible = 0;
			defaultConfigurationName = Release;
		};
/* End XCConfigurationList section */
	};
	rootObject = BCE959D423D586F100B2C5FE /* Project object */;
}
